// !$*UTF8*$!
{
	archiveVersion = 1;
	classes = {
	};
	objectVersion = 48;
	objects = {

/* Begin PBXAggregateTarget section */
		8C16495D20086C1600357F77 /* AccedoOneiOSRelease */ = {
			isa = PBXAggregateTarget;
			buildConfigurationList = 8C16495F20086C1600357F77 /* Build configuration list for PBXAggregateTarget "AccedoOneiOSRelease" */;
			buildPhases = (
				8C16495E20086C1600357F77 /* Run Script */,
			);
			dependencies = (
			);
			name = AccedoOneiOSRelease;
			productName = AccedoOneiOSBinary;
		};
/* End PBXAggregateTarget section */

/* Begin PBXBuildFile section */
		0BCFD7290A10C77CFEC79F52 /* AFHTTPSessionManager.m in Sources */ = {isa = PBXBuildFile; fileRef = 8431FCBEF3EECAC9D7E0E56D /* AFHTTPSessionManager.m */; };
		72709C9D3E15D44867BB0BD6 /* AFURLResponseSerialization.m in Sources */ = {isa = PBXBuildFile; fileRef = EFAAAA4FCC20ED0F3B9A9D78 /* AFURLResponseSerialization.m */; };
		7C221246A78D16B432F728B3 /* AFNetworkReachabilityManager.m in Sources */ = {isa = PBXBuildFile; fileRef = A9AABB9BF38D119A505BA488 /* AFNetworkReachabilityManager.m */; };
		8C58B2701FECA1E100241AFA /* AccedoOneTests.m in Sources */ = {isa = PBXBuildFile; fileRef = 8C58B26F1FECA1E100241AFA /* AccedoOneTests.m */; };
		8CE8C6F11FEC79C20041C284 /* AccedoOneiOS.framework in Frameworks */ = {isa = PBXBuildFile; fileRef = 8CE8C6E71FEC79C20041C284 /* AccedoOneiOS.framework */; };
		8CE8C6F81FEC79C20041C284 /* AccedoOneiOS.h in Headers */ = {isa = PBXBuildFile; fileRef = 8CE8C6EA1FEC79C20041C284 /* AccedoOneiOS.h */; settings = {ATTRIBUTES = (Public, ); }; };
		8CE8C72D1FEC7A4D0041C284 /* AccedoOne.h in Headers */ = {isa = PBXBuildFile; fileRef = 8CE8C7271FEC7A4D0041C284 /* AccedoOne.h */; settings = {ATTRIBUTES = (Public, ); }; };
		8CE8C72E1FEC7A4D0041C284 /* AccedoOne.m in Sources */ = {isa = PBXBuildFile; fileRef = 8CE8C7281FEC7A4D0041C284 /* AccedoOne.m */; };
		8CE8C7321FEC7AD60041C284 /* AccedoOneiOS.pch in Headers */ = {isa = PBXBuildFile; fileRef = 8CE8C7311FEC7AD60041C284 /* AccedoOneiOS.pch */; };
		99C686DC93237DA650EEC259 /* AFSecurityPolicy.m in Sources */ = {isa = PBXBuildFile; fileRef = DA91C2237F337B093C57119D /* AFSecurityPolicy.m */; };
		A9AE262560AD26F480AE3463 /* AFURLRequestSerialization.m in Sources */ = {isa = PBXBuildFile; fileRef = CE9B4DE1AAF01CB0D6672CB7 /* AFURLRequestSerialization.m */; };
		B5191C5DFD056582A4B66F3F /* PINCache.m in Sources */ = {isa = PBXBuildFile; fileRef = 0993505D5359BC782139DBFB /* PINCache.m */; };
		D7EE5BC22059A408CFBD01A4 /* AFURLSessionManager.m in Sources */ = {isa = PBXBuildFile; fileRef = 91179B011F41F1738620BBCF /* AFURLSessionManager.m */; };
		DC2AD3C02020832900C9FC61 /* AOCacheDTO.h in Headers */ = {isa = PBXBuildFile; fileRef = DC2AD38B2020832800C9FC61 /* AOCacheDTO.h */; };
		DC2AD3C12020832900C9FC61 /* AOService+CacheController.h in Headers */ = {isa = PBXBuildFile; fileRef = DC2AD38C2020832800C9FC61 /* AOService+CacheController.h */; };
		DC2AD3C22020832900C9FC61 /* AOCacheHelper.m in Sources */ = {isa = PBXBuildFile; fileRef = DC2AD38D2020832800C9FC61 /* AOCacheHelper.m */; };
		DC2AD3C32020832900C9FC61 /* AOCache.h in Headers */ = {isa = PBXBuildFile; fileRef = DC2AD38F2020832800C9FC61 /* AOCache.h */; };
		DC2AD3C42020832900C9FC61 /* AOCacheOverNSCache.h in Headers */ = {isa = PBXBuildFile; fileRef = DC2AD3902020832800C9FC61 /* AOCacheOverNSCache.h */; };
		DC2AD3C52020832900C9FC61 /* AOCacheOverPINCache.h in Headers */ = {isa = PBXBuildFile; fileRef = DC2AD3912020832800C9FC61 /* AOCacheOverPINCache.h */; };
		DC2AD3C62020832900C9FC61 /* AOCacheAtom.m in Sources */ = {isa = PBXBuildFile; fileRef = DC2AD3932020832800C9FC61 /* AOCacheAtom.m */; };
		DC2AD3C72020832900C9FC61 /* AOCacheAtom.h in Headers */ = {isa = PBXBuildFile; fileRef = DC2AD3942020832800C9FC61 /* AOCacheAtom.h */; };
		DC2AD3C82020832900C9FC61 /* AOCacheOverPINCache.m in Sources */ = {isa = PBXBuildFile; fileRef = DC2AD3952020832800C9FC61 /* AOCacheOverPINCache.m */; };
		DC2AD3C92020832900C9FC61 /* AOCacheOverNSCache.m in Sources */ = {isa = PBXBuildFile; fileRef = DC2AD3962020832800C9FC61 /* AOCacheOverNSCache.m */; };
		DC2AD3CA2020832900C9FC61 /* AOCache.m in Sources */ = {isa = PBXBuildFile; fileRef = DC2AD3972020832800C9FC61 /* AOCache.m */; };
		DC2AD3CB2020832900C9FC61 /* AOService+CacheController.m in Sources */ = {isa = PBXBuildFile; fileRef = DC2AD3982020832800C9FC61 /* AOService+CacheController.m */; };
		DC2AD3CC2020832900C9FC61 /* AOCacheDTO.m in Sources */ = {isa = PBXBuildFile; fileRef = DC2AD3992020832800C9FC61 /* AOCacheDTO.m */; };
		DC2AD3CD2020832900C9FC61 /* AOCacheHelper.h in Headers */ = {isa = PBXBuildFile; fileRef = DC2AD39A2020832800C9FC61 /* AOCacheHelper.h */; };
		DC2AD3CE2020832900C9FC61 /* AOCacheHandler.h in Headers */ = {isa = PBXBuildFile; fileRef = DC2AD39B2020832800C9FC61 /* AOCacheHandler.h */; settings = {ATTRIBUTES = (Public, ); }; };
		DC2AD3CF2020832900C9FC61 /* AORequestMetadata.m in Sources */ = {isa = PBXBuildFile; fileRef = DC2AD39D2020832900C9FC61 /* AORequestMetadata.m */; };
		DC2AD3D02020832900C9FC61 /* AOPagingMetadata.m in Sources */ = {isa = PBXBuildFile; fileRef = DC2AD39E2020832900C9FC61 /* AOPagingMetadata.m */; };
		DC2AD3D12020832900C9FC61 /* AOPagingMetadata.h in Headers */ = {isa = PBXBuildFile; fileRef = DC2AD39F2020832900C9FC61 /* AOPagingMetadata.h */; settings = {ATTRIBUTES = (Public, ); }; };
		DC2AD3D22020832900C9FC61 /* AORequestMetadata.h in Headers */ = {isa = PBXBuildFile; fileRef = DC2AD3A02020832900C9FC61 /* AORequestMetadata.h */; settings = {ATTRIBUTES = (Public, ); }; };
		DC2AD3D32020832900C9FC61 /* AccedoOneControl.h in Headers */ = {isa = PBXBuildFile; fileRef = DC2AD3A22020832900C9FC61 /* AccedoOneControl.h */; settings = {ATTRIBUTES = (Public, ); }; };
		DC2AD3D42020832900C9FC61 /* AccedoOnePublish.m in Sources */ = {isa = PBXBuildFile; fileRef = DC2AD3A32020832900C9FC61 /* AccedoOnePublish.m */; };
		DC2AD3D52020832900C9FC61 /* AccedoOneInsight.m in Sources */ = {isa = PBXBuildFile; fileRef = DC2AD3A42020832900C9FC61 /* AccedoOneInsight.m */; };
		DC2AD3D62020832900C9FC61 /* AccedoOneDetect.h in Headers */ = {isa = PBXBuildFile; fileRef = DC2AD3A52020832900C9FC61 /* AccedoOneDetect.h */; settings = {ATTRIBUTES = (Public, ); }; };
		DC2AD3D72020832900C9FC61 /* AccedoOneUserData.h in Headers */ = {isa = PBXBuildFile; fileRef = DC2AD3A62020832900C9FC61 /* AccedoOneUserData.h */; settings = {ATTRIBUTES = (Public, ); }; };
		DC2AD3D82020832900C9FC61 /* AccedoOneControl.m in Sources */ = {isa = PBXBuildFile; fileRef = DC2AD3A72020832900C9FC61 /* AccedoOneControl.m */; };
		DC2AD3D92020832900C9FC61 /* AccedoOneInsight.h in Headers */ = {isa = PBXBuildFile; fileRef = DC2AD3A82020832900C9FC61 /* AccedoOneInsight.h */; settings = {ATTRIBUTES = (Public, ); }; };
		DC2AD3DA2020832900C9FC61 /* AccedoOnePublish.h in Headers */ = {isa = PBXBuildFile; fileRef = DC2AD3A92020832900C9FC61 /* AccedoOnePublish.h */; settings = {ATTRIBUTES = (Public, ); }; };
		DC2AD3DB2020832900C9FC61 /* AccedoOneDetect.m in Sources */ = {isa = PBXBuildFile; fileRef = DC2AD3AA2020832900C9FC61 /* AccedoOneDetect.m */; };
		DC2AD3DC2020832900C9FC61 /* AccedoOneUserData.m in Sources */ = {isa = PBXBuildFile; fileRef = DC2AD3AB2020832900C9FC61 /* AccedoOneUserData.m */; };
		DC2AD3DD2020832900C9FC61 /* AOService.m in Sources */ = {isa = PBXBuildFile; fileRef = DC2AD3AE2020832900C9FC61 /* AOService.m */; };
		DC2AD3DE2020832900C9FC61 /* AOServiceComponent.h in Headers */ = {isa = PBXBuildFile; fileRef = DC2AD3AF2020832900C9FC61 /* AOServiceComponent.h */; settings = {ATTRIBUTES = (Public, ); }; };
		DC2AD3DF2020832900C9FC61 /* AOCMSOptionalParams.h in Headers */ = {isa = PBXBuildFile; fileRef = DC2AD3B02020832900C9FC61 /* AOCMSOptionalParams.h */; settings = {ATTRIBUTES = (Public, ); }; };
		DC2AD3E02020832900C9FC61 /* AOService.h in Headers */ = {isa = PBXBuildFile; fileRef = DC2AD3B12020832900C9FC61 /* AOService.h */; settings = {ATTRIBUTES = (Public, ); }; };
		DC2AD3E12020832900C9FC61 /* AOCMSOptionalParams.m in Sources */ = {isa = PBXBuildFile; fileRef = DC2AD3B22020832900C9FC61 /* AOCMSOptionalParams.m */; };
		DC2AD3E22020832900C9FC61 /* AOServiceComponent.m in Sources */ = {isa = PBXBuildFile; fileRef = DC2AD3B32020832900C9FC61 /* AOServiceComponent.m */; };
		DC2AD3E32020832900C9FC61 /* AOObjectParserProtocol.h in Headers */ = {isa = PBXBuildFile; fileRef = DC2AD3B42020832900C9FC61 /* AOObjectParserProtocol.h */; settings = {ATTRIBUTES = (Public, ); }; };
		DC2AD3E42020832900C9FC61 /* AOError.h in Headers */ = {isa = PBXBuildFile; fileRef = DC2AD3B62020832900C9FC61 /* AOError.h */; settings = {ATTRIBUTES = (Public, ); }; };
		DC2AD3E52020832900C9FC61 /* AOAsynchBlockOperation.h in Headers */ = {isa = PBXBuildFile; fileRef = DC2AD3B72020832900C9FC61 /* AOAsynchBlockOperation.h */; };
		DC2AD3E62020832900C9FC61 /* NSString+AO.m in Sources */ = {isa = PBXBuildFile; fileRef = DC2AD3B82020832900C9FC61 /* NSString+AO.m */; };
		DC2AD3E72020832900C9FC61 /* AOFileUtils.m in Sources */ = {isa = PBXBuildFile; fileRef = DC2AD3B92020832900C9FC61 /* AOFileUtils.m */; };
		DC2AD3E82020832900C9FC61 /* NSArray+AO.h in Headers */ = {isa = PBXBuildFile; fileRef = DC2AD3BA2020832900C9FC61 /* NSArray+AO.h */; };
		DC2AD3E92020832900C9FC61 /* AOError.m in Sources */ = {isa = PBXBuildFile; fileRef = DC2AD3BB2020832900C9FC61 /* AOError.m */; };
		DC2AD3EA2020832900C9FC61 /* AOAsynchBlockOperation.m in Sources */ = {isa = PBXBuildFile; fileRef = DC2AD3BC2020832900C9FC61 /* AOAsynchBlockOperation.m */; };
		DC2AD3EB2020832900C9FC61 /* NSString+AO.h in Headers */ = {isa = PBXBuildFile; fileRef = DC2AD3BD2020832900C9FC61 /* NSString+AO.h */; };
		DC2AD3EC2020832900C9FC61 /* NSArray+AO.m in Sources */ = {isa = PBXBuildFile; fileRef = DC2AD3BE2020832900C9FC61 /* NSArray+AO.m */; };
		DC2AD3ED2020832900C9FC61 /* AOFileUtils.h in Headers */ = {isa = PBXBuildFile; fileRef = DC2AD3BF2020832900C9FC61 /* AOFileUtils.h */; };
		DC2AD3EF2020836700C9FC61 /* AccedoOneControlProtocol.h in Headers */ = {isa = PBXBuildFile; fileRef = DC2AD3EE2020836700C9FC61 /* AccedoOneControlProtocol.h */; settings = {ATTRIBUTES = (Public, ); }; };
		DC2AD3F12020837C00C9FC61 /* AccedoOneDetectProtocol.h in Headers */ = {isa = PBXBuildFile; fileRef = DC2AD3F02020837C00C9FC61 /* AccedoOneDetectProtocol.h */; settings = {ATTRIBUTES = (Public, ); }; };
		DC2AD3F32020839000C9FC61 /* AccedoOneInsightProtocol.h in Headers */ = {isa = PBXBuildFile; fileRef = DC2AD3F22020839000C9FC61 /* AccedoOneInsightProtocol.h */; settings = {ATTRIBUTES = (Public, ); }; };
		DC2AD3F5202083A000C9FC61 /* AccedoOnePublishProtocol.h in Headers */ = {isa = PBXBuildFile; fileRef = DC2AD3F4202083A000C9FC61 /* AccedoOnePublishProtocol.h */; settings = {ATTRIBUTES = (Public, ); }; };
		DC2AD3F7202083B200C9FC61 /* AccedoOneUserDataProtocol.h in Headers */ = {isa = PBXBuildFile; fileRef = DC2AD3F6202083B200C9FC61 /* AccedoOneUserDataProtocol.h */; settings = {ATTRIBUTES = (Public, ); }; };
		DC2AD3F9202083C800C9FC61 /* AccedoOneCacheProtocol.h in Headers */ = {isa = PBXBuildFile; fileRef = DC2AD3F8202083C800C9FC61 /* AccedoOneCacheProtocol.h */; settings = {ATTRIBUTES = (Public, ); }; };
		E7D5F4EB2FCFE7F1DFCF7100 /* PINDiskCache.m in Sources */ = {isa = PBXBuildFile; fileRef = 3946882FFF12E2619D3A5703 /* PINDiskCache.m */; };
		F98676B37884377F05E4376D /* PINMemoryCache.m in Sources */ = {isa = PBXBuildFile; fileRef = 04E352377297CEDC4B64165F /* PINMemoryCache.m */; };
/* End PBXBuildFile section */

/* Begin PBXContainerItemProxy section */
		8CE8C6F21FEC79C20041C284 /* PBXContainerItemProxy */ = {
			isa = PBXContainerItemProxy;
			containerPortal = 8CE8C6DE1FEC79C20041C284 /* Project object */;
			proxyType = 1;
			remoteGlobalIDString = 8CE8C6E61FEC79C20041C284;
			remoteInfo = AccedoOneiOS;
		};
/* End PBXContainerItemProxy section */

/* Begin PBXFileReference section */
		04E352377297CEDC4B64165F /* PINMemoryCache.m */ = {isa = PBXFileReference; includeInIndex = 1; lastKnownFileType = sourcecode.c.objc; name = PINMemoryCache.m; path = AccedoOneiOS/Libraries/PINCache/PINMemoryCache.m; sourceTree = "<group>"; };
		08C282615EBBB7CB2216A4A7 /* AFNetworkingDependencies.h */ = {isa = PBXFileReference; includeInIndex = 1; lastKnownFileType = sourcecode.c.h; name = AFNetworkingDependencies.h; path = AccedoOneiOS/Libraries/Symbols/AFNetworkingDependencies.h; sourceTree = "<group>"; };
		0993505D5359BC782139DBFB /* PINCache.m */ = {isa = PBXFileReference; includeInIndex = 1; lastKnownFileType = sourcecode.c.objc; name = PINCache.m; path = AccedoOneiOS/Libraries/PINCache/PINCache.m; sourceTree = "<group>"; };
		0B4C4CAA57088B6440BCD1EE /* AFURLResponseSerialization.h */ = {isa = PBXFileReference; includeInIndex = 1; lastKnownFileType = sourcecode.c.h; name = AFURLResponseSerialization.h; path = AccedoOneiOS/Libraries/AFNetworking/AFURLResponseSerialization.h; sourceTree = "<group>"; };
		171617FD97E628A8F514CF4C /* PINDiskCache.h */ = {isa = PBXFileReference; includeInIndex = 1; lastKnownFileType = sourcecode.c.h; name = PINDiskCache.h; path = AccedoOneiOS/Libraries/PINCache/PINDiskCache.h; sourceTree = "<group>"; };
		3946882FFF12E2619D3A5703 /* PINDiskCache.m */ = {isa = PBXFileReference; includeInIndex = 1; lastKnownFileType = sourcecode.c.objc; name = PINDiskCache.m; path = AccedoOneiOS/Libraries/PINCache/PINDiskCache.m; sourceTree = "<group>"; };
		68E3006F8B63DC1681ABE7C0 /* PINCacheDependencies.h */ = {isa = PBXFileReference; includeInIndex = 1; lastKnownFileType = sourcecode.c.h; name = PINCacheDependencies.h; path = AccedoOneiOS/Libraries/Symbols/PINCacheDependencies.h; sourceTree = "<group>"; };
		6D9FB648366CC9373FD24328 /* AFURLSessionManager.h */ = {isa = PBXFileReference; includeInIndex = 1; lastKnownFileType = sourcecode.c.h; name = AFURLSessionManager.h; path = AccedoOneiOS/Libraries/AFNetworking/AFURLSessionManager.h; sourceTree = "<group>"; };
		78ED5BBDF43B1B89BCDA55BA /* PINMemoryCache.h */ = {isa = PBXFileReference; includeInIndex = 1; lastKnownFileType = sourcecode.c.h; name = PINMemoryCache.h; path = AccedoOneiOS/Libraries/PINCache/PINMemoryCache.h; sourceTree = "<group>"; };
		8431FCBEF3EECAC9D7E0E56D /* AFHTTPSessionManager.m */ = {isa = PBXFileReference; includeInIndex = 1; lastKnownFileType = sourcecode.c.objc; name = AFHTTPSessionManager.m; path = AccedoOneiOS/Libraries/AFNetworking/AFHTTPSessionManager.m; sourceTree = "<group>"; };
		87272EF8A83DCEE76B14EA03 /* AFSecurityPolicy.h */ = {isa = PBXFileReference; includeInIndex = 1; lastKnownFileType = sourcecode.c.h; name = AFSecurityPolicy.h; path = AccedoOneiOS/Libraries/AFNetworking/AFSecurityPolicy.h; sourceTree = "<group>"; };
		8C58B26F1FECA1E100241AFA /* AccedoOneTests.m */ = {isa = PBXFileReference; fileEncoding = 4; lastKnownFileType = sourcecode.c.objc; name = AccedoOneTests.m; path = ../../Tests/AccedoOneTests.m; sourceTree = "<group>"; };
		8CE8C6E71FEC79C20041C284 /* AccedoOneiOS.framework */ = {isa = PBXFileReference; explicitFileType = wrapper.framework; includeInIndex = 0; path = AccedoOneiOS.framework; sourceTree = BUILT_PRODUCTS_DIR; };
		8CE8C6EA1FEC79C20041C284 /* AccedoOneiOS.h */ = {isa = PBXFileReference; lastKnownFileType = sourcecode.c.h; path = AccedoOneiOS.h; sourceTree = "<group>"; };
		8CE8C6EB1FEC79C20041C284 /* Info.plist */ = {isa = PBXFileReference; lastKnownFileType = text.plist.xml; path = Info.plist; sourceTree = "<group>"; };
		8CE8C6F01FEC79C20041C284 /* AccedoOneiOSTests.xctest */ = {isa = PBXFileReference; explicitFileType = wrapper.cfbundle; includeInIndex = 0; path = AccedoOneiOSTests.xctest; sourceTree = BUILT_PRODUCTS_DIR; };
		8CE8C6F71FEC79C20041C284 /* Info.plist */ = {isa = PBXFileReference; lastKnownFileType = text.plist.xml; path = Info.plist; sourceTree = "<group>"; };
		8CE8C7271FEC7A4D0041C284 /* AccedoOne.h */ = {isa = PBXFileReference; fileEncoding = 4; lastKnownFileType = sourcecode.c.h; name = AccedoOne.h; path = ../../Common/AccedoOne.h; sourceTree = "<group>"; };
		8CE8C7281FEC7A4D0041C284 /* AccedoOne.m */ = {isa = PBXFileReference; fileEncoding = 4; lastKnownFileType = sourcecode.c.objc; name = AccedoOne.m; path = ../../Common/AccedoOne.m; sourceTree = "<group>"; };
		8CE8C7311FEC7AD60041C284 /* AccedoOneiOS.pch */ = {isa = PBXFileReference; lastKnownFileType = sourcecode.c.h; path = AccedoOneiOS.pch; sourceTree = "<group>"; };
		9019A6B2A939F203E7A540DB /* AFHTTPSessionManager.h */ = {isa = PBXFileReference; includeInIndex = 1; lastKnownFileType = sourcecode.c.h; name = AFHTTPSessionManager.h; path = AccedoOneiOS/Libraries/AFNetworking/AFHTTPSessionManager.h; sourceTree = "<group>"; };
		91179B011F41F1738620BBCF /* AFURLSessionManager.m */ = {isa = PBXFileReference; includeInIndex = 1; lastKnownFileType = sourcecode.c.objc; name = AFURLSessionManager.m; path = AccedoOneiOS/Libraries/AFNetworking/AFURLSessionManager.m; sourceTree = "<group>"; };
		9BC58D3048FDD380E70AFF6C /* Nullability.h */ = {isa = PBXFileReference; includeInIndex = 1; lastKnownFileType = sourcecode.c.h; name = Nullability.h; path = AccedoOneiOS/Libraries/PINCache/Nullability.h; sourceTree = "<group>"; };
		A9AABB9BF38D119A505BA488 /* AFNetworkReachabilityManager.m */ = {isa = PBXFileReference; includeInIndex = 1; lastKnownFileType = sourcecode.c.objc; name = AFNetworkReachabilityManager.m; path = AccedoOneiOS/Libraries/AFNetworking/AFNetworkReachabilityManager.m; sourceTree = "<group>"; };
		B0F8ACEE22B39656395EBB11 /* PINCache.h */ = {isa = PBXFileReference; includeInIndex = 1; lastKnownFileType = sourcecode.c.h; name = PINCache.h; path = AccedoOneiOS/Libraries/PINCache/PINCache.h; sourceTree = "<group>"; };
		B2F52813B9A07BEA33EBCCB4 /* AFNetworking.h */ = {isa = PBXFileReference; includeInIndex = 1; lastKnownFileType = sourcecode.c.h; name = AFNetworking.h; path = AccedoOneiOS/Libraries/AFNetworking/AFNetworking.h; sourceTree = "<group>"; };
		C77FFC33A40DE0D76B1E2EFA /* AFNetworkReachabilityManager.h */ = {isa = PBXFileReference; includeInIndex = 1; lastKnownFileType = sourcecode.c.h; name = AFNetworkReachabilityManager.h; path = AccedoOneiOS/Libraries/AFNetworking/AFNetworkReachabilityManager.h; sourceTree = "<group>"; };
		CE9B4DE1AAF01CB0D6672CB7 /* AFURLRequestSerialization.m */ = {isa = PBXFileReference; includeInIndex = 1; lastKnownFileType = sourcecode.c.objc; name = AFURLRequestSerialization.m; path = AccedoOneiOS/Libraries/AFNetworking/AFURLRequestSerialization.m; sourceTree = "<group>"; };
		DA91C2237F337B093C57119D /* AFSecurityPolicy.m */ = {isa = PBXFileReference; includeInIndex = 1; lastKnownFileType = sourcecode.c.objc; name = AFSecurityPolicy.m; path = AccedoOneiOS/Libraries/AFNetworking/AFSecurityPolicy.m; sourceTree = "<group>"; };
		DC2AD38B2020832800C9FC61 /* AOCacheDTO.h */ = {isa = PBXFileReference; fileEncoding = 4; lastKnownFileType = sourcecode.c.h; path = AOCacheDTO.h; sourceTree = "<group>"; };
		DC2AD38C2020832800C9FC61 /* AOService+CacheController.h */ = {isa = PBXFileReference; fileEncoding = 4; lastKnownFileType = sourcecode.c.h; path = "AOService+CacheController.h"; sourceTree = "<group>"; };
		DC2AD38D2020832800C9FC61 /* AOCacheHelper.m */ = {isa = PBXFileReference; fileEncoding = 4; lastKnownFileType = sourcecode.c.objc; path = AOCacheHelper.m; sourceTree = "<group>"; };
		DC2AD38F2020832800C9FC61 /* AOCache.h */ = {isa = PBXFileReference; fileEncoding = 4; lastKnownFileType = sourcecode.c.h; path = AOCache.h; sourceTree = "<group>"; };
		DC2AD3902020832800C9FC61 /* AOCacheOverNSCache.h */ = {isa = PBXFileReference; fileEncoding = 4; lastKnownFileType = sourcecode.c.h; path = AOCacheOverNSCache.h; sourceTree = "<group>"; };
		DC2AD3912020832800C9FC61 /* AOCacheOverPINCache.h */ = {isa = PBXFileReference; fileEncoding = 4; lastKnownFileType = sourcecode.c.h; path = AOCacheOverPINCache.h; sourceTree = "<group>"; };
		DC2AD3932020832800C9FC61 /* AOCacheAtom.m */ = {isa = PBXFileReference; fileEncoding = 4; lastKnownFileType = sourcecode.c.objc; path = AOCacheAtom.m; sourceTree = "<group>"; };
		DC2AD3942020832800C9FC61 /* AOCacheAtom.h */ = {isa = PBXFileReference; fileEncoding = 4; lastKnownFileType = sourcecode.c.h; path = AOCacheAtom.h; sourceTree = "<group>"; };
		DC2AD3952020832800C9FC61 /* AOCacheOverPINCache.m */ = {isa = PBXFileReference; fileEncoding = 4; lastKnownFileType = sourcecode.c.objc; path = AOCacheOverPINCache.m; sourceTree = "<group>"; };
		DC2AD3962020832800C9FC61 /* AOCacheOverNSCache.m */ = {isa = PBXFileReference; fileEncoding = 4; lastKnownFileType = sourcecode.c.objc; path = AOCacheOverNSCache.m; sourceTree = "<group>"; };
		DC2AD3972020832800C9FC61 /* AOCache.m */ = {isa = PBXFileReference; fileEncoding = 4; lastKnownFileType = sourcecode.c.objc; path = AOCache.m; sourceTree = "<group>"; };
		DC2AD3982020832800C9FC61 /* AOService+CacheController.m */ = {isa = PBXFileReference; fileEncoding = 4; lastKnownFileType = sourcecode.c.objc; path = "AOService+CacheController.m"; sourceTree = "<group>"; };
		DC2AD3992020832800C9FC61 /* AOCacheDTO.m */ = {isa = PBXFileReference; fileEncoding = 4; lastKnownFileType = sourcecode.c.objc; path = AOCacheDTO.m; sourceTree = "<group>"; };
		DC2AD39A2020832800C9FC61 /* AOCacheHelper.h */ = {isa = PBXFileReference; fileEncoding = 4; lastKnownFileType = sourcecode.c.h; path = AOCacheHelper.h; sourceTree = "<group>"; };
		DC2AD39B2020832800C9FC61 /* AOCacheHandler.h */ = {isa = PBXFileReference; fileEncoding = 4; lastKnownFileType = sourcecode.c.h; path = AOCacheHandler.h; sourceTree = "<group>"; };
		DC2AD39D2020832900C9FC61 /* AORequestMetadata.m */ = {isa = PBXFileReference; fileEncoding = 4; lastKnownFileType = sourcecode.c.objc; path = AORequestMetadata.m; sourceTree = "<group>"; };
		DC2AD39E2020832900C9FC61 /* AOPagingMetadata.m */ = {isa = PBXFileReference; fileEncoding = 4; lastKnownFileType = sourcecode.c.objc; path = AOPagingMetadata.m; sourceTree = "<group>"; };
		DC2AD39F2020832900C9FC61 /* AOPagingMetadata.h */ = {isa = PBXFileReference; fileEncoding = 4; lastKnownFileType = sourcecode.c.h; path = AOPagingMetadata.h; sourceTree = "<group>"; };
		DC2AD3A02020832900C9FC61 /* AORequestMetadata.h */ = {isa = PBXFileReference; fileEncoding = 4; lastKnownFileType = sourcecode.c.h; path = AORequestMetadata.h; sourceTree = "<group>"; };
		DC2AD3A22020832900C9FC61 /* AccedoOneControl.h */ = {isa = PBXFileReference; fileEncoding = 4; lastKnownFileType = sourcecode.c.h; path = AccedoOneControl.h; sourceTree = "<group>"; };
		DC2AD3A32020832900C9FC61 /* AccedoOnePublish.m */ = {isa = PBXFileReference; fileEncoding = 4; lastKnownFileType = sourcecode.c.objc; path = AccedoOnePublish.m; sourceTree = "<group>"; };
		DC2AD3A42020832900C9FC61 /* AccedoOneInsight.m */ = {isa = PBXFileReference; fileEncoding = 4; lastKnownFileType = sourcecode.c.objc; path = AccedoOneInsight.m; sourceTree = "<group>"; };
		DC2AD3A52020832900C9FC61 /* AccedoOneDetect.h */ = {isa = PBXFileReference; fileEncoding = 4; lastKnownFileType = sourcecode.c.h; path = AccedoOneDetect.h; sourceTree = "<group>"; };
		DC2AD3A62020832900C9FC61 /* AccedoOneUserData.h */ = {isa = PBXFileReference; fileEncoding = 4; lastKnownFileType = sourcecode.c.h; path = AccedoOneUserData.h; sourceTree = "<group>"; };
		DC2AD3A72020832900C9FC61 /* AccedoOneControl.m */ = {isa = PBXFileReference; fileEncoding = 4; lastKnownFileType = sourcecode.c.objc; path = AccedoOneControl.m; sourceTree = "<group>"; };
		DC2AD3A82020832900C9FC61 /* AccedoOneInsight.h */ = {isa = PBXFileReference; fileEncoding = 4; lastKnownFileType = sourcecode.c.h; path = AccedoOneInsight.h; sourceTree = "<group>"; };
		DC2AD3A92020832900C9FC61 /* AccedoOnePublish.h */ = {isa = PBXFileReference; fileEncoding = 4; lastKnownFileType = sourcecode.c.h; path = AccedoOnePublish.h; sourceTree = "<group>"; };
		DC2AD3AA2020832900C9FC61 /* AccedoOneDetect.m */ = {isa = PBXFileReference; fileEncoding = 4; lastKnownFileType = sourcecode.c.objc; path = AccedoOneDetect.m; sourceTree = "<group>"; };
		DC2AD3AB2020832900C9FC61 /* AccedoOneUserData.m */ = {isa = PBXFileReference; fileEncoding = 4; lastKnownFileType = sourcecode.c.objc; path = AccedoOneUserData.m; sourceTree = "<group>"; };
		DC2AD3AE2020832900C9FC61 /* AOService.m */ = {isa = PBXFileReference; fileEncoding = 4; lastKnownFileType = sourcecode.c.objc; path = AOService.m; sourceTree = "<group>"; };
		DC2AD3AF2020832900C9FC61 /* AOServiceComponent.h */ = {isa = PBXFileReference; fileEncoding = 4; lastKnownFileType = sourcecode.c.h; path = AOServiceComponent.h; sourceTree = "<group>"; };
		DC2AD3B02020832900C9FC61 /* AOCMSOptionalParams.h */ = {isa = PBXFileReference; fileEncoding = 4; lastKnownFileType = sourcecode.c.h; path = AOCMSOptionalParams.h; sourceTree = "<group>"; };
		DC2AD3B12020832900C9FC61 /* AOService.h */ = {isa = PBXFileReference; fileEncoding = 4; lastKnownFileType = sourcecode.c.h; path = AOService.h; sourceTree = "<group>"; };
		DC2AD3B22020832900C9FC61 /* AOCMSOptionalParams.m */ = {isa = PBXFileReference; fileEncoding = 4; lastKnownFileType = sourcecode.c.objc; path = AOCMSOptionalParams.m; sourceTree = "<group>"; };
		DC2AD3B32020832900C9FC61 /* AOServiceComponent.m */ = {isa = PBXFileReference; fileEncoding = 4; lastKnownFileType = sourcecode.c.objc; path = AOServiceComponent.m; sourceTree = "<group>"; };
		DC2AD3B42020832900C9FC61 /* AOObjectParserProtocol.h */ = {isa = PBXFileReference; fileEncoding = 4; lastKnownFileType = sourcecode.c.h; path = AOObjectParserProtocol.h; sourceTree = "<group>"; };
		DC2AD3B62020832900C9FC61 /* AOError.h */ = {isa = PBXFileReference; fileEncoding = 4; lastKnownFileType = sourcecode.c.h; path = AOError.h; sourceTree = "<group>"; };
		DC2AD3B72020832900C9FC61 /* AOAsynchBlockOperation.h */ = {isa = PBXFileReference; fileEncoding = 4; lastKnownFileType = sourcecode.c.h; path = AOAsynchBlockOperation.h; sourceTree = "<group>"; };
		DC2AD3B82020832900C9FC61 /* NSString+AO.m */ = {isa = PBXFileReference; fileEncoding = 4; lastKnownFileType = sourcecode.c.objc; path = "NSString+AO.m"; sourceTree = "<group>"; };
		DC2AD3B92020832900C9FC61 /* AOFileUtils.m */ = {isa = PBXFileReference; fileEncoding = 4; lastKnownFileType = sourcecode.c.objc; path = AOFileUtils.m; sourceTree = "<group>"; };
		DC2AD3BA2020832900C9FC61 /* NSArray+AO.h */ = {isa = PBXFileReference; fileEncoding = 4; lastKnownFileType = sourcecode.c.h; path = "NSArray+AO.h"; sourceTree = "<group>"; };
		DC2AD3BB2020832900C9FC61 /* AOError.m */ = {isa = PBXFileReference; fileEncoding = 4; lastKnownFileType = sourcecode.c.objc; path = AOError.m; sourceTree = "<group>"; };
		DC2AD3BC2020832900C9FC61 /* AOAsynchBlockOperation.m */ = {isa = PBXFileReference; fileEncoding = 4; lastKnownFileType = sourcecode.c.objc; path = AOAsynchBlockOperation.m; sourceTree = "<group>"; };
		DC2AD3BD2020832900C9FC61 /* NSString+AO.h */ = {isa = PBXFileReference; fileEncoding = 4; lastKnownFileType = sourcecode.c.h; path = "NSString+AO.h"; sourceTree = "<group>"; };
		DC2AD3BE2020832900C9FC61 /* NSArray+AO.m */ = {isa = PBXFileReference; fileEncoding = 4; lastKnownFileType = sourcecode.c.objc; path = "NSArray+AO.m"; sourceTree = "<group>"; };
		DC2AD3BF2020832900C9FC61 /* AOFileUtils.h */ = {isa = PBXFileReference; fileEncoding = 4; lastKnownFileType = sourcecode.c.h; path = AOFileUtils.h; sourceTree = "<group>"; };
		DC2AD3EE2020836700C9FC61 /* AccedoOneControlProtocol.h */ = {isa = PBXFileReference; lastKnownFileType = sourcecode.c.h; path = AccedoOneControlProtocol.h; sourceTree = "<group>"; };
		DC2AD3F02020837C00C9FC61 /* AccedoOneDetectProtocol.h */ = {isa = PBXFileReference; lastKnownFileType = sourcecode.c.h; path = AccedoOneDetectProtocol.h; sourceTree = "<group>"; };
		DC2AD3F22020839000C9FC61 /* AccedoOneInsightProtocol.h */ = {isa = PBXFileReference; lastKnownFileType = sourcecode.c.h; path = AccedoOneInsightProtocol.h; sourceTree = "<group>"; };
		DC2AD3F4202083A000C9FC61 /* AccedoOnePublishProtocol.h */ = {isa = PBXFileReference; lastKnownFileType = sourcecode.c.h; path = AccedoOnePublishProtocol.h; sourceTree = "<group>"; };
		DC2AD3F6202083B200C9FC61 /* AccedoOneUserDataProtocol.h */ = {isa = PBXFileReference; lastKnownFileType = sourcecode.c.h; path = AccedoOneUserDataProtocol.h; sourceTree = "<group>"; };
		DC2AD3F8202083C800C9FC61 /* AccedoOneCacheProtocol.h */ = {isa = PBXFileReference; lastKnownFileType = sourcecode.c.h; path = AccedoOneCacheProtocol.h; sourceTree = "<group>"; };
		EFAAAA4FCC20ED0F3B9A9D78 /* AFURLResponseSerialization.m */ = {isa = PBXFileReference; includeInIndex = 1; lastKnownFileType = sourcecode.c.objc; name = AFURLResponseSerialization.m; path = AccedoOneiOS/Libraries/AFNetworking/AFURLResponseSerialization.m; sourceTree = "<group>"; };
		F14BE38349AE0B319A08F578 /* AFURLRequestSerialization.h */ = {isa = PBXFileReference; includeInIndex = 1; lastKnownFileType = sourcecode.c.h; name = AFURLRequestSerialization.h; path = AccedoOneiOS/Libraries/AFNetworking/AFURLRequestSerialization.h; sourceTree = "<group>"; };
/* End PBXFileReference section */

/* Begin PBXFrameworksBuildPhase section */
		8CE8C6E31FEC79C20041C284 /* Frameworks */ = {
			isa = PBXFrameworksBuildPhase;
			buildActionMask = 2147483647;
			files = (
			);
			runOnlyForDeploymentPostprocessing = 0;
		};
		8CE8C6ED1FEC79C20041C284 /* Frameworks */ = {
			isa = PBXFrameworksBuildPhase;
			buildActionMask = 2147483647;
			files = (
				8CE8C6F11FEC79C20041C284 /* AccedoOneiOS.framework in Frameworks */,
			);
			runOnlyForDeploymentPostprocessing = 0;
		};
/* End PBXFrameworksBuildPhase section */

/* Begin PBXGroup section */
		3B89AF582FAD685E10A7BF48 /* AFNetworking */ = {
			isa = PBXGroup;
			children = (
				EFAAAA4FCC20ED0F3B9A9D78 /* AFURLResponseSerialization.m */,
				8431FCBEF3EECAC9D7E0E56D /* AFHTTPSessionManager.m */,
				91179B011F41F1738620BBCF /* AFURLSessionManager.m */,
				CE9B4DE1AAF01CB0D6672CB7 /* AFURLRequestSerialization.m */,
				A9AABB9BF38D119A505BA488 /* AFNetworkReachabilityManager.m */,
				DA91C2237F337B093C57119D /* AFSecurityPolicy.m */,
				87272EF8A83DCEE76B14EA03 /* AFSecurityPolicy.h */,
				C77FFC33A40DE0D76B1E2EFA /* AFNetworkReachabilityManager.h */,
				6D9FB648366CC9373FD24328 /* AFURLSessionManager.h */,
				F14BE38349AE0B319A08F578 /* AFURLRequestSerialization.h */,
				0B4C4CAA57088B6440BCD1EE /* AFURLResponseSerialization.h */,
				B2F52813B9A07BEA33EBCCB4 /* AFNetworking.h */,
				9019A6B2A939F203E7A540DB /* AFHTTPSessionManager.h */,
			);
			name = AFNetworking;
			sourceTree = "<group>";
		};
		6556AB5552B13099C43CEBBA /* Symbols */ = {
			isa = PBXGroup;
			children = (
				08C282615EBBB7CB2216A4A7 /* AFNetworkingDependencies.h */,
				68E3006F8B63DC1681ABE7C0 /* PINCacheDependencies.h */,
			);
			name = Symbols;
			sourceTree = "<group>";
		};
		8CE4C7216794D79D4A1A73D6 /* PINCache */ = {
			isa = PBXGroup;
			children = (
				0993505D5359BC782139DBFB /* PINCache.m */,
				04E352377297CEDC4B64165F /* PINMemoryCache.m */,
				3946882FFF12E2619D3A5703 /* PINDiskCache.m */,
				171617FD97E628A8F514CF4C /* PINDiskCache.h */,
				B0F8ACEE22B39656395EBB11 /* PINCache.h */,
				9BC58D3048FDD380E70AFF6C /* Nullability.h */,
				78ED5BBDF43B1B89BCDA55BA /* PINMemoryCache.h */,
			);
			name = PINCache;
			sourceTree = "<group>";
		};
		8CE8C6DD1FEC79C20041C284 = {
			isa = PBXGroup;
			children = (
				8CE8C6E91FEC79C20041C284 /* AccedoOneiOS */,
				8CE8C6F41FEC79C20041C284 /* AccedoOneiOSTests */,
				8CE8C6E81FEC79C20041C284 /* Products */,
				3B89AF582FAD685E10A7BF48 /* AFNetworking */,
				8CE4C7216794D79D4A1A73D6 /* PINCache */,
				6556AB5552B13099C43CEBBA /* Symbols */,
			);
			sourceTree = "<group>";
		};
		8CE8C6E81FEC79C20041C284 /* Products */ = {
			isa = PBXGroup;
			children = (
				8CE8C6E71FEC79C20041C284 /* AccedoOneiOS.framework */,
				8CE8C6F01FEC79C20041C284 /* AccedoOneiOSTests.xctest */,
			);
			name = Products;
			sourceTree = "<group>";
		};
		8CE8C6E91FEC79C20041C284 /* AccedoOneiOS */ = {
			isa = PBXGroup;
			children = (
				DC2AD3A12020832900C9FC61 /* API */,
				DC2AD38A2020832800C9FC61 /* Cache */,
				DC2AD3AC2020832900C9FC61 /* Protocols */,
				DC2AD39C2020832900C9FC61 /* Request */,
				DC2AD3AD2020832900C9FC61 /* Service */,
				DC2AD3B52020832900C9FC61 /* Utils */,
				8CE8C7271FEC7A4D0041C284 /* AccedoOne.h */,
				8CE8C7281FEC7A4D0041C284 /* AccedoOne.m */,
				8CE8C6EA1FEC79C20041C284 /* AccedoOneiOS.h */,
				8CE8C7311FEC7AD60041C284 /* AccedoOneiOS.pch */,
				8CE8C6EB1FEC79C20041C284 /* Info.plist */,
			);
			path = AccedoOneiOS;
			sourceTree = "<group>";
		};
		8CE8C6F41FEC79C20041C284 /* AccedoOneiOSTests */ = {
			isa = PBXGroup;
			children = (
				8C58B26F1FECA1E100241AFA /* AccedoOneTests.m */,
				8CE8C6F71FEC79C20041C284 /* Info.plist */,
			);
			path = AccedoOneiOSTests;
			sourceTree = "<group>";
		};
		DC2AD38A2020832800C9FC61 /* Cache */ = {
			isa = PBXGroup;
			children = (
				DC2AD38E2020832800C9FC61 /* Providers */,
				DC2AD39B2020832800C9FC61 /* AOCacheHandler.h */,
				DC2AD38B2020832800C9FC61 /* AOCacheDTO.h */,
				DC2AD3992020832800C9FC61 /* AOCacheDTO.m */,
				DC2AD38C2020832800C9FC61 /* AOService+CacheController.h */,
				DC2AD3982020832800C9FC61 /* AOService+CacheController.m */,
				DC2AD38D2020832800C9FC61 /* AOCacheHelper.m */,
				DC2AD39A2020832800C9FC61 /* AOCacheHelper.h */,
			);
			name = Cache;
			path = ../../Common/Cache;
			sourceTree = "<group>";
		};
		DC2AD38E2020832800C9FC61 /* Providers */ = {
			isa = PBXGroup;
			children = (
				DC2AD3922020832800C9FC61 /* Model */,
				DC2AD38F2020832800C9FC61 /* AOCache.h */,
				DC2AD3972020832800C9FC61 /* AOCache.m */,
				DC2AD3902020832800C9FC61 /* AOCacheOverNSCache.h */,
				DC2AD3962020832800C9FC61 /* AOCacheOverNSCache.m */,
				DC2AD3912020832800C9FC61 /* AOCacheOverPINCache.h */,
				DC2AD3952020832800C9FC61 /* AOCacheOverPINCache.m */,
			);
			path = Providers;
			sourceTree = "<group>";
		};
		DC2AD3922020832800C9FC61 /* Model */ = {
			isa = PBXGroup;
			children = (
				DC2AD3932020832800C9FC61 /* AOCacheAtom.m */,
				DC2AD3942020832800C9FC61 /* AOCacheAtom.h */,
			);
			path = Model;
			sourceTree = "<group>";
		};
		DC2AD39C2020832900C9FC61 /* Request */ = {
			isa = PBXGroup;
			children = (
				DC2AD3A02020832900C9FC61 /* AORequestMetadata.h */,
				DC2AD39D2020832900C9FC61 /* AORequestMetadata.m */,
				DC2AD39F2020832900C9FC61 /* AOPagingMetadata.h */,
				DC2AD39E2020832900C9FC61 /* AOPagingMetadata.m */,
			);
			name = Request;
			path = ../../Common/Request;
			sourceTree = "<group>";
		};
		DC2AD3A12020832900C9FC61 /* API */ = {
			isa = PBXGroup;
			children = (
				DC2AD3A22020832900C9FC61 /* AccedoOneControl.h */,
				DC2AD3A72020832900C9FC61 /* AccedoOneControl.m */,
				DC2AD3A52020832900C9FC61 /* AccedoOneDetect.h */,
				DC2AD3AA2020832900C9FC61 /* AccedoOneDetect.m */,
				DC2AD3A82020832900C9FC61 /* AccedoOneInsight.h */,
				DC2AD3A42020832900C9FC61 /* AccedoOneInsight.m */,
				DC2AD3A92020832900C9FC61 /* AccedoOnePublish.h */,
				DC2AD3A32020832900C9FC61 /* AccedoOnePublish.m */,
				DC2AD3A62020832900C9FC61 /* AccedoOneUserData.h */,
				DC2AD3AB2020832900C9FC61 /* AccedoOneUserData.m */,
			);
			name = API;
			path = ../../Common/API;
			sourceTree = "<group>";
		};
		DC2AD3AC2020832900C9FC61 /* Protocols */ = {
			isa = PBXGroup;
			children = (
				DC2AD3EE2020836700C9FC61 /* AccedoOneControlProtocol.h */,
				DC2AD3F02020837C00C9FC61 /* AccedoOneDetectProtocol.h */,
				DC2AD3F22020839000C9FC61 /* AccedoOneInsightProtocol.h */,
				DC2AD3F4202083A000C9FC61 /* AccedoOnePublishProtocol.h */,
				DC2AD3F6202083B200C9FC61 /* AccedoOneUserDataProtocol.h */,
				DC2AD3F8202083C800C9FC61 /* AccedoOneCacheProtocol.h */,
			);
			name = Protocols;
			path = ../../Common/Protocols;
			sourceTree = "<group>";
		};
		DC2AD3AD2020832900C9FC61 /* Service */ = {
			isa = PBXGroup;
			children = (
				DC2AD3B12020832900C9FC61 /* AOService.h */,
				DC2AD3AE2020832900C9FC61 /* AOService.m */,
				DC2AD3AF2020832900C9FC61 /* AOServiceComponent.h */,
				DC2AD3B32020832900C9FC61 /* AOServiceComponent.m */,
				DC2AD3B02020832900C9FC61 /* AOCMSOptionalParams.h */,
				DC2AD3B22020832900C9FC61 /* AOCMSOptionalParams.m */,
				DC2AD3B42020832900C9FC61 /* AOObjectParserProtocol.h */,
			);
			name = Service;
			path = ../../Common/Service;
			sourceTree = "<group>";
		};
		DC2AD3B52020832900C9FC61 /* Utils */ = {
			isa = PBXGroup;
			children = (
				DC2AD3B62020832900C9FC61 /* AOError.h */,
				DC2AD3BB2020832900C9FC61 /* AOError.m */,
				DC2AD3B82020832900C9FC61 /* NSString+AO.m */,
				DC2AD3BD2020832900C9FC61 /* NSString+AO.h */,
				DC2AD3BA2020832900C9FC61 /* NSArray+AO.h */,
				DC2AD3BE2020832900C9FC61 /* NSArray+AO.m */,
				DC2AD3B72020832900C9FC61 /* AOAsynchBlockOperation.h */,
				DC2AD3BC2020832900C9FC61 /* AOAsynchBlockOperation.m */,
				DC2AD3BF2020832900C9FC61 /* AOFileUtils.h */,
				DC2AD3B92020832900C9FC61 /* AOFileUtils.m */,
			);
			name = Utils;
			path = ../../Common/Utils;
			sourceTree = "<group>";
		};
/* End PBXGroup section */

/* Begin PBXHeadersBuildPhase section */
		8CE8C6E41FEC79C20041C284 /* Headers */ = {
			isa = PBXHeadersBuildPhase;
			buildActionMask = 2147483647;
			files = (
				DC2AD3E52020832900C9FC61 /* AOAsynchBlockOperation.h in Headers */,
				8CE8C72D1FEC7A4D0041C284 /* AccedoOne.h in Headers */,
				DC2AD3E02020832900C9FC61 /* AOService.h in Headers */,
				DC2AD3E42020832900C9FC61 /* AOError.h in Headers */,
				DC2AD3D12020832900C9FC61 /* AOPagingMetadata.h in Headers */,
				DC2AD3DE2020832900C9FC61 /* AOServiceComponent.h in Headers */,
				DC2AD3CE2020832900C9FC61 /* AOCacheHandler.h in Headers */,
				DC2AD3E32020832900C9FC61 /* AOObjectParserProtocol.h in Headers */,
				DC2AD3F5202083A000C9FC61 /* AccedoOnePublishProtocol.h in Headers */,
				DC2AD3F12020837C00C9FC61 /* AccedoOneDetectProtocol.h in Headers */,
				DC2AD3D62020832900C9FC61 /* AccedoOneDetect.h in Headers */,
				DC2AD3DF2020832900C9FC61 /* AOCMSOptionalParams.h in Headers */,
				DC2AD3EF2020836700C9FC61 /* AccedoOneControlProtocol.h in Headers */,
				DC2AD3F9202083C800C9FC61 /* AccedoOneCacheProtocol.h in Headers */,
				DC2AD3F32020839000C9FC61 /* AccedoOneInsightProtocol.h in Headers */,
				DC2AD3D72020832900C9FC61 /* AccedoOneUserData.h in Headers */,
				DC2AD3DA2020832900C9FC61 /* AccedoOnePublish.h in Headers */,
				DC2AD3D92020832900C9FC61 /* AccedoOneInsight.h in Headers */,
				DC2AD3D32020832900C9FC61 /* AccedoOneControl.h in Headers */,
				DC2AD3D22020832900C9FC61 /* AORequestMetadata.h in Headers */,
				DC2AD3F7202083B200C9FC61 /* AccedoOneUserDataProtocol.h in Headers */,
				DC2AD3C32020832900C9FC61 /* AOCache.h in Headers */,
				DC2AD3C02020832900C9FC61 /* AOCacheDTO.h in Headers */,
				8CE8C7321FEC7AD60041C284 /* AccedoOneiOS.pch in Headers */,
				8CE8C6F81FEC79C20041C284 /* AccedoOneiOS.h in Headers */,
				DC2AD3C42020832900C9FC61 /* AOCacheOverNSCache.h in Headers */,
				DC2AD3C72020832900C9FC61 /* AOCacheAtom.h in Headers */,
				DC2AD3ED2020832900C9FC61 /* AOFileUtils.h in Headers */,
				DC2AD3EB2020832900C9FC61 /* NSString+AO.h in Headers */,
				DC2AD3C52020832900C9FC61 /* AOCacheOverPINCache.h in Headers */,
				DC2AD3C12020832900C9FC61 /* AOService+CacheController.h in Headers */,
				DC2AD3E82020832900C9FC61 /* NSArray+AO.h in Headers */,
				DC2AD3CD2020832900C9FC61 /* AOCacheHelper.h in Headers */,
			);
			runOnlyForDeploymentPostprocessing = 0;
		};
/* End PBXHeadersBuildPhase section */

/* Begin PBXNativeTarget section */
		8CE8C6E61FEC79C20041C284 /* AccedoOneiOS */ = {
			isa = PBXNativeTarget;
			buildConfigurationList = 8CE8C6FB1FEC79C20041C284 /* Build configuration list for PBXNativeTarget "AccedoOneiOS" */;
			buildPhases = (
				8CE8C6E21FEC79C20041C284 /* Sources */,
				8CE8C6E31FEC79C20041C284 /* Frameworks */,
				8CE8C6E41FEC79C20041C284 /* Headers */,
				8CE8C6E51FEC79C20041C284 /* Resources */,
			);
			buildRules = (
			);
			dependencies = (
			);
			name = AccedoOneiOS;
			productName = AccedoOneiOS;
			productReference = 8CE8C6E71FEC79C20041C284 /* AccedoOneiOS.framework */;
			productType = "com.apple.product-type.framework";
		};
		8CE8C6EF1FEC79C20041C284 /* AccedoOneiOSTests */ = {
			isa = PBXNativeTarget;
			buildConfigurationList = 8CE8C6FE1FEC79C20041C284 /* Build configuration list for PBXNativeTarget "AccedoOneiOSTests" */;
			buildPhases = (
				8CE8C6EC1FEC79C20041C284 /* Sources */,
				8CE8C6ED1FEC79C20041C284 /* Frameworks */,
				8CE8C6EE1FEC79C20041C284 /* Resources */,
			);
			buildRules = (
			);
			dependencies = (
				8CE8C6F31FEC79C20041C284 /* PBXTargetDependency */,
			);
			name = AccedoOneiOSTests;
			productName = AccedoOneiOSTests;
			productReference = 8CE8C6F01FEC79C20041C284 /* AccedoOneiOSTests.xctest */;
			productType = "com.apple.product-type.bundle.unit-test";
		};
/* End PBXNativeTarget section */

/* Begin PBXProject section */
		8CE8C6DE1FEC79C20041C284 /* Project object */ = {
			isa = PBXProject;
			attributes = {
				LastUpgradeCheck = 1000;
				ORGANIZATIONNAME = "Gabor Bottyan";
				TargetAttributes = {
					8C16495D20086C1600357F77 = {
						ProvisioningStyle = Automatic;
					};
					8CE8C6E61FEC79C20041C284 = {
						CreatedOnToolsVersion = 9.2;
						ProvisioningStyle = Automatic;
					};
					8CE8C6EF1FEC79C20041C284 = {
						CreatedOnToolsVersion = 9.2;
						ProvisioningStyle = Automatic;
					};
				};
			};
			buildConfigurationList = 8CE8C6E11FEC79C20041C284 /* Build configuration list for PBXProject "AccedoOneiOS" */;
			compatibilityVersion = "Xcode 8.0";
			developmentRegion = en;
			hasScannedForEncodings = 0;
			knownRegions = (
				en,
			);
			mainGroup = 8CE8C6DD1FEC79C20041C284;
			productRefGroup = 8CE8C6E81FEC79C20041C284 /* Products */;
			projectDirPath = "";
			projectRoot = "";
			targets = (
				8CE8C6E61FEC79C20041C284 /* AccedoOneiOS */,
				8CE8C6EF1FEC79C20041C284 /* AccedoOneiOSTests */,
				8C16495D20086C1600357F77 /* AccedoOneiOSRelease */,
			);
		};
/* End PBXProject section */

/* Begin PBXResourcesBuildPhase section */
		8CE8C6E51FEC79C20041C284 /* Resources */ = {
			isa = PBXResourcesBuildPhase;
			buildActionMask = 2147483647;
			files = (
			);
			runOnlyForDeploymentPostprocessing = 0;
		};
		8CE8C6EE1FEC79C20041C284 /* Resources */ = {
			isa = PBXResourcesBuildPhase;
			buildActionMask = 2147483647;
			files = (
			);
			runOnlyForDeploymentPostprocessing = 0;
		};
/* End PBXResourcesBuildPhase section */

/* Begin PBXShellScriptBuildPhase section */
		8C16495E20086C1600357F77 /* Run Script */ = {
			isa = PBXShellScriptBuildPhase;
			buildActionMask = 2147483647;
			files = (
			);
			inputPaths = (
			);
			name = "Run Script";
			outputPaths = (
			);
			runOnlyForDeploymentPostprocessing = 0;
			shellPath = /bin/sh;
			shellScript = "######################\n# Options\n######################\nNULL=\n\nREVEAL_ARCHIVE_IN_FINDER=true\n\nFRAMEWORK_NAME=\"${PROJECT_NAME}\"\n\nSIMULATOR_LIBRARY_PATH=\"${BUILD_DIR}/${CONFIGURATION}-iphonesimulator/${FRAMEWORK_NAME}.framework\"\n\nDEVICE_LIBRARY_PATH=\"${BUILD_DIR}/${CONFIGURATION}-iphoneos/${FRAMEWORK_NAME}.framework\"\n\nUNIVERSAL_LIBRARY_DIR=\"${BUILD_DIR}/${CONFIGURATION}-iphoneuniversal\"\n\nFRAMEWORK=\"${UNIVERSAL_LIBRARY_DIR}/${FRAMEWORK_NAME}.framework\"\n\n######################\n# Build Frameworks\n######################\n\nif [ -d ${PROJECT_NAME}.xcworkspace ]; then\necho \"BUILDING WORKSPACE\"\nxcodebuild -workspace ${PROJECT_NAME}.xcworkspace -scheme ${PROJECT_NAME} -sdk iphonesimulator -configuration ${CONFIGURATION} clean build CONFIGURATION_BUILD_DIR=${BUILD_DIR}/${CONFIGURATION}-iphonesimulator 2>&1\nxcodebuild -workspace ${PROJECT_NAME}.xcworkspace -scheme ${PROJECT_NAME} -sdk iphoneos -configuration ${CONFIGURATION} clean build CONFIGURATION_BUILD_DIR=${BUILD_DIR}/${CONFIGURATION}-iphoneos 2>&1\nelse\necho \"BUILDING PROJECT\"\necho \"${CONFIGURATION}\"\nxcodebuild -project ${PROJECT_NAME}.xcodeproj -scheme ${PROJECT_NAME} -sdk iphonesimulator -configuration ${CONFIGURATION} clean build ONLY_ACTIVE_ARCH=NO CONFIGURATION_BUILD_DIR=${BUILD_DIR}/${CONFIGURATION}-iphonesimulator 2>&1\nxcodebuild -project ${PROJECT_NAME}.xcodeproj -scheme ${PROJECT_NAME} -sdk iphoneos -configuration Release clean archive OTHER_CFLAGS=\"-fembed-bitcode\" CONFIGURATION_BUILD_DIR=${BUILD_DIR}/${CONFIGURATION}-iphoneos 2>&1\nfi\n\n######################\n# Create directory for universal\n######################\n\nrm -rf \"${UNIVERSAL_LIBRARY_DIR}\"\n\nmkdir \"${UNIVERSAL_LIBRARY_DIR}\"\nmkdir -p \"${PROJECT_DIR}/../Binary\"\nmkdir \"${FRAMEWORK}\"\nmkdir\n\n######################\n# Copy files Framework\n######################\n\ncp -r \"${DEVICE_LIBRARY_PATH}/.\" \"${FRAMEWORK}\"\n\n\n######################\n# Make an universal binary\n######################\n\nlipo \"${SIMULATOR_LIBRARY_PATH}/${FRAMEWORK_NAME}\" \"${DEVICE_LIBRARY_PATH}/${FRAMEWORK_NAME}\" -create -output \"${FRAMEWORK}/${FRAMEWORK_NAME}\" | echo\n\n# For Swift framework, Swiftmodule needs to be copied in the universal framework\nif [ -d \"${SIMULATOR_LIBRARY_PATH}/Modules/${FRAMEWORK_NAME}.swiftmodule/\" ]; then\ncp -f ${SIMULATOR_LIBRARY_PATH}/Modules/${FRAMEWORK_NAME}.swiftmodule\\/${NULL}* \"${FRAMEWORK}/Modules/${FRAMEWORK_NAME}.swiftmodule/\" | echo\nfi\n\nif [ -d \"${DEVICE_LIBRARY_PATH}/Modules/${FRAMEWORK_NAME}.swiftmodule/\" ]; then\ncp -f ${DEVICE_LIBRARY_PATH}/Modules/${FRAMEWORK_NAME}.swiftmodule\\/${NULL}* \"${FRAMEWORK}/Modules/${FRAMEWORK_NAME}.swiftmodule/\" | echo\nfi\n\n######################\n# On Release, copy the result to release directory\n######################\nOUTPUT_DIR=\"${PROJECT_DIR}/../Binary\"\nTARGET_DIR=\"${OUTPUT_DIR}/${FRAMEWORK_NAME}-${CONFIGURATION}-iphoneuniversal/\"\n\nrm -rf \"$TARGET_DIR\"\nmkdir -p \"$TARGET_DIR\"\n\ncp -rf \"${FRAMEWORK}\" \"$OUTPUT_DIR\"\ncp -r \"${FRAMEWORK}\" \"$TARGET_DIR\"\n\n#cd \"$OUTPUT_DIR\"\n#zip -r \"${RELEASE_DIR}/${PROJECT_NAME}/${CURRENT_PROJECT_VERSION}/${PROJECT_NAME}.zip\" LICENSE.md \"${PROJECT_NAME}.framework\"\n#cp -r \"${PROJECT_NAME}.framework\" \"${RELEASE_DIR}/${PROJECT_NAME}/${CURRENT_PROJECT_VERSION}\"\n\n#if [ ${REVEAL_ARCHIVE_IN_FINDER} = true ]; then\n#open \"${OUTPUT_DIR}/\"\n#fi";
		};
/* End PBXShellScriptBuildPhase section */

/* Begin PBXSourcesBuildPhase section */
		8CE8C6E21FEC79C20041C284 /* Sources */ = {
			isa = PBXSourcesBuildPhase;
			buildActionMask = 2147483647;
			files = (
				8CE8C72E1FEC7A4D0041C284 /* AccedoOne.m in Sources */,
				DC2AD3E22020832900C9FC61 /* AOServiceComponent.m in Sources */,
				DC2AD3EC2020832900C9FC61 /* NSArray+AO.m in Sources */,
				DC2AD3CA2020832900C9FC61 /* AOCache.m in Sources */,
				DC2AD3CF2020832900C9FC61 /* AORequestMetadata.m in Sources */,
				DC2AD3D82020832900C9FC61 /* AccedoOneControl.m in Sources */,
				DC2AD3EA2020832900C9FC61 /* AOAsynchBlockOperation.m in Sources */,
				72709C9D3E15D44867BB0BD6 /* AFURLResponseSerialization.m in Sources */,
				DC2AD3C92020832900C9FC61 /* AOCacheOverNSCache.m in Sources */,
				0BCFD7290A10C77CFEC79F52 /* AFHTTPSessionManager.m in Sources */,
				DC2AD3C82020832900C9FC61 /* AOCacheOverPINCache.m in Sources */,
				D7EE5BC22059A408CFBD01A4 /* AFURLSessionManager.m in Sources */,
				DC2AD3E92020832900C9FC61 /* AOError.m in Sources */,
				DC2AD3D02020832900C9FC61 /* AOPagingMetadata.m in Sources */,
				DC2AD3E62020832900C9FC61 /* NSString+AO.m in Sources */,
				DC2AD3CC2020832900C9FC61 /* AOCacheDTO.m in Sources */,
				A9AE262560AD26F480AE3463 /* AFURLRequestSerialization.m in Sources */,
				7C221246A78D16B432F728B3 /* AFNetworkReachabilityManager.m in Sources */,
				DC2AD3D52020832900C9FC61 /* AccedoOneInsight.m in Sources */,
				99C686DC93237DA650EEC259 /* AFSecurityPolicy.m in Sources */,
				DC2AD3DB2020832900C9FC61 /* AccedoOneDetect.m in Sources */,
				DC2AD3DC2020832900C9FC61 /* AccedoOneUserData.m in Sources */,
				DC2AD3D42020832900C9FC61 /* AccedoOnePublish.m in Sources */,
				DC2AD3E72020832900C9FC61 /* AOFileUtils.m in Sources */,
				DC2AD3CB2020832900C9FC61 /* AOService+CacheController.m in Sources */,
				DC2AD3E12020832900C9FC61 /* AOCMSOptionalParams.m in Sources */,
				DC2AD3DD2020832900C9FC61 /* AOService.m in Sources */,
				B5191C5DFD056582A4B66F3F /* PINCache.m in Sources */,
				F98676B37884377F05E4376D /* PINMemoryCache.m in Sources */,
				DC2AD3C62020832900C9FC61 /* AOCacheAtom.m in Sources */,
				DC2AD3C22020832900C9FC61 /* AOCacheHelper.m in Sources */,
				E7D5F4EB2FCFE7F1DFCF7100 /* PINDiskCache.m in Sources */,
			);
			runOnlyForDeploymentPostprocessing = 0;
		};
		8CE8C6EC1FEC79C20041C284 /* Sources */ = {
			isa = PBXSourcesBuildPhase;
			buildActionMask = 2147483647;
			files = (
				8C58B2701FECA1E100241AFA /* AccedoOneTests.m in Sources */,
			);
			runOnlyForDeploymentPostprocessing = 0;
		};
/* End PBXSourcesBuildPhase section */

/* Begin PBXTargetDependency section */
		8CE8C6F31FEC79C20041C284 /* PBXTargetDependency */ = {
			isa = PBXTargetDependency;
			target = 8CE8C6E61FEC79C20041C284 /* AccedoOneiOS */;
			targetProxy = 8CE8C6F21FEC79C20041C284 /* PBXContainerItemProxy */;
		};
/* End PBXTargetDependency section */

/* Begin XCBuildConfiguration section */
		8C16496020086C1600357F77 /* Debug */ = {
			isa = XCBuildConfiguration;
			buildSettings = {
				CODE_SIGN_STYLE = Automatic;
				CURRENT_PROJECT_VERSION = 1.0.1;
				DEVELOPMENT_TEAM = W244RLEDMB;
				PRODUCT_NAME = "$(TARGET_NAME)";
				VERSIONING_SYSTEM = "";
			};
			name = Debug;
		};
		8C16496120086C1600357F77 /* Release */ = {
			isa = XCBuildConfiguration;
			buildSettings = {
				CODE_SIGN_STYLE = Automatic;
				CURRENT_PROJECT_VERSION = 1.0.1;
				DEVELOPMENT_TEAM = W244RLEDMB;
				PRODUCT_NAME = "$(TARGET_NAME)";
				VERSIONING_SYSTEM = "";
			};
			name = Release;
		};
		8CE8C6F91FEC79C20041C284 /* Debug */ = {
			isa = XCBuildConfiguration;
			buildSettings = {
				ALWAYS_SEARCH_USER_PATHS = NO;
				BITCODE_GENERATION_MODE = marker;
				CLANG_ANALYZER_NONNULL = YES;
				CLANG_ANALYZER_NUMBER_OBJECT_CONVERSION = YES_AGGRESSIVE;
				CLANG_CXX_LANGUAGE_STANDARD = "gnu++14";
				CLANG_CXX_LIBRARY = "libc++";
				CLANG_ENABLE_MODULES = YES;
				CLANG_ENABLE_OBJC_ARC = YES;
				CLANG_WARN_BLOCK_CAPTURE_AUTORELEASING = YES;
				CLANG_WARN_BOOL_CONVERSION = YES;
				CLANG_WARN_COMMA = YES;
				CLANG_WARN_CONSTANT_CONVERSION = YES;
				CLANG_WARN_DEPRECATED_OBJC_IMPLEMENTATIONS = YES;
				CLANG_WARN_DIRECT_OBJC_ISA_USAGE = YES_ERROR;
				CLANG_WARN_DOCUMENTATION_COMMENTS = YES;
				CLANG_WARN_EMPTY_BODY = YES;
				CLANG_WARN_ENUM_CONVERSION = YES;
				CLANG_WARN_INFINITE_RECURSION = YES;
				CLANG_WARN_INT_CONVERSION = YES;
				CLANG_WARN_NON_LITERAL_NULL_CONVERSION = YES;
				CLANG_WARN_OBJC_IMPLICIT_RETAIN_SELF = YES;
				CLANG_WARN_OBJC_LITERAL_CONVERSION = YES;
				CLANG_WARN_OBJC_ROOT_CLASS = YES_ERROR;
				CLANG_WARN_RANGE_LOOP_ANALYSIS = YES;
				CLANG_WARN_STRICT_PROTOTYPES = YES;
				CLANG_WARN_SUSPICIOUS_MOVE = YES;
				CLANG_WARN_UNGUARDED_AVAILABILITY = YES_AGGRESSIVE;
				CLANG_WARN_UNREACHABLE_CODE = YES;
				CLANG_WARN__DUPLICATE_METHOD_MATCH = YES;
				CODE_SIGN_IDENTITY = "iPhone Developer";
				COPY_PHASE_STRIP = NO;
				CURRENT_PROJECT_VERSION = 1;
				DEBUG_INFORMATION_FORMAT = dwarf;
				ENABLE_STRICT_OBJC_MSGSEND = YES;
				ENABLE_TESTABILITY = YES;
				GCC_C_LANGUAGE_STANDARD = gnu11;
				GCC_DYNAMIC_NO_PIC = NO;
				GCC_NO_COMMON_BLOCKS = YES;
				GCC_OPTIMIZATION_LEVEL = 0;
				GCC_PREPROCESSOR_DEFINITIONS = (
					"DEBUG=1",
					"$(inherited)",
				);
				GCC_WARN_64_TO_32_BIT_CONVERSION = YES;
				GCC_WARN_ABOUT_RETURN_TYPE = YES_ERROR;
				GCC_WARN_UNDECLARED_SELECTOR = YES;
				GCC_WARN_UNINITIALIZED_AUTOS = YES_AGGRESSIVE;
				GCC_WARN_UNUSED_FUNCTION = YES;
				GCC_WARN_UNUSED_VARIABLE = YES;
				IPHONEOS_DEPLOYMENT_TARGET = 11.2;
				MTL_ENABLE_DEBUG_INFO = YES;
				ONLY_ACTIVE_ARCH = YES;
				OTHER_CFLAGS = "-fembed-bitcode-marker";
				SDKROOT = iphoneos;
				VERSIONING_SYSTEM = "apple-generic";
				VERSION_INFO_PREFIX = "";
			};
			name = Debug;
		};
		8CE8C6FA1FEC79C20041C284 /* Release */ = {
			isa = XCBuildConfiguration;
			buildSettings = {
				ALWAYS_SEARCH_USER_PATHS = NO;
				BITCODE_GENERATION_MODE = bitcode;
				CLANG_ANALYZER_NONNULL = YES;
				CLANG_ANALYZER_NUMBER_OBJECT_CONVERSION = YES_AGGRESSIVE;
				CLANG_CXX_LANGUAGE_STANDARD = "gnu++14";
				CLANG_CXX_LIBRARY = "libc++";
				CLANG_ENABLE_MODULES = YES;
				CLANG_ENABLE_OBJC_ARC = YES;
				CLANG_WARN_BLOCK_CAPTURE_AUTORELEASING = YES;
				CLANG_WARN_BOOL_CONVERSION = YES;
				CLANG_WARN_COMMA = YES;
				CLANG_WARN_CONSTANT_CONVERSION = YES;
				CLANG_WARN_DEPRECATED_OBJC_IMPLEMENTATIONS = YES;
				CLANG_WARN_DIRECT_OBJC_ISA_USAGE = YES_ERROR;
				CLANG_WARN_DOCUMENTATION_COMMENTS = YES;
				CLANG_WARN_EMPTY_BODY = YES;
				CLANG_WARN_ENUM_CONVERSION = YES;
				CLANG_WARN_INFINITE_RECURSION = YES;
				CLANG_WARN_INT_CONVERSION = YES;
				CLANG_WARN_NON_LITERAL_NULL_CONVERSION = YES;
				CLANG_WARN_OBJC_IMPLICIT_RETAIN_SELF = YES;
				CLANG_WARN_OBJC_LITERAL_CONVERSION = YES;
				CLANG_WARN_OBJC_ROOT_CLASS = YES_ERROR;
				CLANG_WARN_RANGE_LOOP_ANALYSIS = YES;
				CLANG_WARN_STRICT_PROTOTYPES = YES;
				CLANG_WARN_SUSPICIOUS_MOVE = YES;
				CLANG_WARN_UNGUARDED_AVAILABILITY = YES_AGGRESSIVE;
				CLANG_WARN_UNREACHABLE_CODE = YES;
				CLANG_WARN__DUPLICATE_METHOD_MATCH = YES;
				CODE_SIGN_IDENTITY = "iPhone Developer";
				COPY_PHASE_STRIP = NO;
				CURRENT_PROJECT_VERSION = 1;
				DEBUG_INFORMATION_FORMAT = "dwarf-with-dsym";
				ENABLE_NS_ASSERTIONS = NO;
				ENABLE_STRICT_OBJC_MSGSEND = YES;
				GCC_C_LANGUAGE_STANDARD = gnu11;
				GCC_NO_COMMON_BLOCKS = YES;
				GCC_WARN_64_TO_32_BIT_CONVERSION = YES;
				GCC_WARN_ABOUT_RETURN_TYPE = YES_ERROR;
				GCC_WARN_UNDECLARED_SELECTOR = YES;
				GCC_WARN_UNINITIALIZED_AUTOS = YES_AGGRESSIVE;
				GCC_WARN_UNUSED_FUNCTION = YES;
				GCC_WARN_UNUSED_VARIABLE = YES;
				IPHONEOS_DEPLOYMENT_TARGET = 11.2;
				MTL_ENABLE_DEBUG_INFO = NO;
				OTHER_CFLAGS = "-fembed-bitcode";
				SDKROOT = iphoneos;
				VALIDATE_PRODUCT = YES;
				VERSIONING_SYSTEM = "apple-generic";
				VERSION_INFO_PREFIX = "";
			};
			name = Release;
		};
		8CE8C6FC1FEC79C20041C284 /* Debug */ = {
			isa = XCBuildConfiguration;
			buildSettings = {
				BITCODE_GENERATION_MODE = marker;
				CODE_SIGN_IDENTITY = "";
				CODE_SIGN_STYLE = Automatic;
				CURRENT_PROJECT_VERSION = 1.0.1;
				DEFINES_MODULE = YES;
				DEVELOPMENT_TEAM = W244RLEDMB;
				DYLIB_COMPATIBILITY_VERSION = 1;
				DYLIB_CURRENT_VERSION = 1;
				DYLIB_INSTALL_NAME_BASE = "@rpath";
				GCC_PREFIX_HEADER = "$(PROJECT_DIR)/$(PROJECT_NAME)/AccedoOneiOS.pch";
				HEADER_SEARCH_PATHS = "$(PROJECT_DIR)/../Common/**";
				INFOPLIST_FILE = AccedoOneiOS/Info.plist;
				INSTALL_PATH = "$(LOCAL_LIBRARY_DIR)/Frameworks";
				IPHONEOS_DEPLOYMENT_TARGET = 9.0;
				LD_RUNPATH_SEARCH_PATHS = "$(inherited) @executable_path/Frameworks @loader_path/Frameworks";
				OTHER_CFLAGS = "-fembed-bitcode-marker";
				PRODUCT_BUNDLE_IDENTIFIER = tv.accedo.AccedoOneiOS;
				PRODUCT_NAME = "$(TARGET_NAME:c99extidentifier)";
				SKIP_INSTALL = YES;
				TARGETED_DEVICE_FAMILY = "1,2";
				VERSIONING_SYSTEM = "";
			};
			name = Debug;
		};
		8CE8C6FD1FEC79C20041C284 /* Release */ = {
			isa = XCBuildConfiguration;
			buildSettings = {
				BITCODE_GENERATION_MODE = bitcode;
				CODE_SIGN_IDENTITY = "";
				CODE_SIGN_STYLE = Automatic;
				CURRENT_PROJECT_VERSION = 1.0.1;
				DEFINES_MODULE = YES;
				DEVELOPMENT_TEAM = W244RLEDMB;
				DYLIB_COMPATIBILITY_VERSION = 1;
				DYLIB_CURRENT_VERSION = 1;
				DYLIB_INSTALL_NAME_BASE = "@rpath";
				GCC_PREFIX_HEADER = "$(PROJECT_DIR)/$(PROJECT_NAME)/AccedoOneiOS.pch";
				HEADER_SEARCH_PATHS = "$(PROJECT_DIR)/../Common/**";
				INFOPLIST_FILE = AccedoOneiOS/Info.plist;
				INSTALL_PATH = "$(LOCAL_LIBRARY_DIR)/Frameworks";
				IPHONEOS_DEPLOYMENT_TARGET = 9.0;
				LD_RUNPATH_SEARCH_PATHS = "$(inherited) @executable_path/Frameworks @loader_path/Frameworks";
				OTHER_CFLAGS = "-fembed-bitcode";
				PRODUCT_BUNDLE_IDENTIFIER = tv.accedo.AccedoOneiOS;
				PRODUCT_NAME = "$(TARGET_NAME:c99extidentifier)";
				SKIP_INSTALL = YES;
				TARGETED_DEVICE_FAMILY = "1,2";
				VERSIONING_SYSTEM = "";
			};
			name = Release;
		};
		8CE8C6FF1FEC79C20041C284 /* Debug */ = {
			isa = XCBuildConfiguration;
			buildSettings = {
				CODE_SIGN_STYLE = Automatic;
				DEVELOPMENT_TEAM = W244RLEDMB;
				INFOPLIST_FILE = AccedoOneiOSTests/Info.plist;
				LD_RUNPATH_SEARCH_PATHS = "$(inherited) @executable_path/Frameworks @loader_path/Frameworks";
				PRODUCT_BUNDLE_IDENTIFIER = tv.accedo.AccedoOneiOSTests;
				PRODUCT_NAME = "$(TARGET_NAME)";
				TARGETED_DEVICE_FAMILY = "1,2";
			};
			name = Debug;
		};
		8CE8C7001FEC79C20041C284 /* Release */ = {
			isa = XCBuildConfiguration;
			buildSettings = {
				CODE_SIGN_STYLE = Automatic;
				DEVELOPMENT_TEAM = W244RLEDMB;
				INFOPLIST_FILE = AccedoOneiOSTests/Info.plist;
				LD_RUNPATH_SEARCH_PATHS = "$(inherited) @executable_path/Frameworks @loader_path/Frameworks";
				PRODUCT_BUNDLE_IDENTIFIER = tv.accedo.AccedoOneiOSTests;
				PRODUCT_NAME = "$(TARGET_NAME)";
				TARGETED_DEVICE_FAMILY = "1,2";
			};
			name = Release;
		};
/* End XCBuildConfiguration section */

/* Begin XCConfigurationList section */
		8C16495F20086C1600357F77 /* Build configuration list for PBXAggregateTarget "AccedoOneiOSRelease" */ = {
			isa = XCConfigurationList;
			buildConfigurations = (
				8C16496020086C1600357F77 /* Debug */,
				8C16496120086C1600357F77 /* Release */,
			);
			defaultConfigurationIsVisible = 0;
			defaultConfigurationName = Release;
		};
		8CE8C6E11FEC79C20041C284 /* Build configuration list for PBXProject "AccedoOneiOS" */ = {
			isa = XCConfigurationList;
			buildConfigurations = (
				8CE8C6F91FEC79C20041C284 /* Debug */,
				8CE8C6FA1FEC79C20041C284 /* Release */,
			);
			defaultConfigurationIsVisible = 0;
			defaultConfigurationName = Release;
		};
		8CE8C6FB1FEC79C20041C284 /* Build configuration list for PBXNativeTarget "AccedoOneiOS" */ = {
			isa = XCConfigurationList;
			buildConfigurations = (
				8CE8C6FC1FEC79C20041C284 /* Debug */,
				8CE8C6FD1FEC79C20041C284 /* Release */,
			);
			defaultConfigurationIsVisible = 0;
			defaultConfigurationName = Release;
		};
		8CE8C6FE1FEC79C20041C284 /* Build configuration list for PBXNativeTarget "AccedoOneiOSTests" */ = {
			isa = XCConfigurationList;
			buildConfigurations = (
				8CE8C6FF1FEC79C20041C284 /* Debug */,
				8CE8C7001FEC79C20041C284 /* Release */,
			);
			defaultConfigurationIsVisible = 0;
			defaultConfigurationName = Release;
		};
/* End XCConfigurationList section */
	};
	rootObject = 8CE8C6DE1FEC79C20041C284 /* Project object */;
}
