// !$*UTF8*$!
{
	archiveVersion = 1;
	classes = {
	};
	objectVersion = 48;
	objects = {

/* Begin PBXAggregateTarget section */
		8CE8C7DF1FEC9EE60041C284 /* AccedoOnetvOSRelease */ = {
			isa = PBXAggregateTarget;
			buildConfigurationList = 8CE8C7E21FEC9EE60041C284 /* Build configuration list for PBXAggregateTarget "AccedoOnetvOSRelease" */;
			buildPhases = (
				8CE8C7E31FEC9EED0041C284 /* ShellScript */,
			);
			dependencies = (
			);
			name = AccedoOnetvOSRelease;
			productName = AccedoOnetvOSBinary;
		};
/* End PBXAggregateTarget section */

/* Begin PBXBuildFile section */
		061852C5EDE4E6AC11004AAD /* PINMemoryCache.m in Sources */ = {isa = PBXBuildFile; fileRef = 35AEECD129884ECDEED20E57 /* PINMemoryCache.m */; };
		2BAC7FDC9BB9292247C1FEEA /* AFURLResponseSerialization.m in Sources */ = {isa = PBXBuildFile; fileRef = C976D427024A762BEB948054 /* AFURLResponseSerialization.m */; };
		5C4E55718DB1D50671EC233B /* AFSecurityPolicy.m in Sources */ = {isa = PBXBuildFile; fileRef = 370042E46B0AC7B4041C86BE /* AFSecurityPolicy.m */; };
		80A8AAA01AA9D337FA7BC343 /* AFHTTPSessionManager.m in Sources */ = {isa = PBXBuildFile; fileRef = A966E324C01A1BE08B761EC0 /* AFHTTPSessionManager.m */; };
		8C58B2721FECA23D00241AFA /* AccedoOneTests.m in Sources */ = {isa = PBXBuildFile; fileRef = 8C58B2711FECA23D00241AFA /* AccedoOneTests.m */; };
		8CE8C7151FEC79E50041C284 /* AccedoOnetvOS.framework in Frameworks */ = {isa = PBXBuildFile; fileRef = 8CE8C70B1FEC79E50041C284 /* AccedoOnetvOS.framework */; };
		8CE8C71C1FEC79E50041C284 /* AccedoOnetvOS.h in Headers */ = {isa = PBXBuildFile; fileRef = 8CE8C70E1FEC79E50041C284 /* AccedoOnetvOS.h */; settings = {ATTRIBUTES = (Public, ); }; };
		8CE8C7851FEC7E6B0041C284 /* AccedoOne.h in Headers */ = {isa = PBXBuildFile; fileRef = 8CE8C7821FEC7E6A0041C284 /* AccedoOne.h */; settings = {ATTRIBUTES = (Public, ); }; };
		8CE8C7861FEC7E6B0041C284 /* AccedoOne.m in Sources */ = {isa = PBXBuildFile; fileRef = 8CE8C7831FEC7E6A0041C284 /* AccedoOne.m */; };
		8CE8C78F1FEC7ECA0041C284 /* AccedoOnetvOS.pch in Headers */ = {isa = PBXBuildFile; fileRef = 8CE8C78E1FEC7ECA0041C284 /* AccedoOnetvOS.pch */; };
		97015C22C3CAD8985863D8B9 /* AFURLRequestSerialization.m in Sources */ = {isa = PBXBuildFile; fileRef = D91BE977DBD7D1FE179AD89F /* AFURLRequestSerialization.m */; };
		9DD6D05F8FB8AD92B755E3F4 /* AFNetworkReachabilityManager.m in Sources */ = {isa = PBXBuildFile; fileRef = 5B40C21E45A2949895407CDB /* AFNetworkReachabilityManager.m */; };
		B5BF2C33B9183F5B27F6FE44 /* AFURLSessionManager.m in Sources */ = {isa = PBXBuildFile; fileRef = EA39A3BDDCE8DEAE1134E26A /* AFURLSessionManager.m */; };
		DC2AD4372020A4E100C9FC61 /* AOCacheDTO.h in Headers */ = {isa = PBXBuildFile; fileRef = DC2AD3FC2020A4E000C9FC61 /* AOCacheDTO.h */; };
		DC2AD4382020A4E100C9FC61 /* AOService+CacheController.h in Headers */ = {isa = PBXBuildFile; fileRef = DC2AD3FD2020A4E000C9FC61 /* AOService+CacheController.h */; };
		DC2AD4392020A4E100C9FC61 /* AOCacheHelper.m in Sources */ = {isa = PBXBuildFile; fileRef = DC2AD3FE2020A4E000C9FC61 /* AOCacheHelper.m */; };
		DC2AD43A2020A4E100C9FC61 /* AOCache.h in Headers */ = {isa = PBXBuildFile; fileRef = DC2AD4002020A4E000C9FC61 /* AOCache.h */; };
		DC2AD43B2020A4E100C9FC61 /* AOCacheOverNSCache.h in Headers */ = {isa = PBXBuildFile; fileRef = DC2AD4012020A4E000C9FC61 /* AOCacheOverNSCache.h */; };
		DC2AD43C2020A4E100C9FC61 /* AOCacheOverPINCache.h in Headers */ = {isa = PBXBuildFile; fileRef = DC2AD4022020A4E000C9FC61 /* AOCacheOverPINCache.h */; };
		DC2AD43D2020A4E100C9FC61 /* AOCacheAtom.m in Sources */ = {isa = PBXBuildFile; fileRef = DC2AD4042020A4E000C9FC61 /* AOCacheAtom.m */; };
		DC2AD43E2020A4E100C9FC61 /* AOCacheAtom.h in Headers */ = {isa = PBXBuildFile; fileRef = DC2AD4052020A4E000C9FC61 /* AOCacheAtom.h */; };
		DC2AD43F2020A4E100C9FC61 /* AOCacheOverPINCache.m in Sources */ = {isa = PBXBuildFile; fileRef = DC2AD4062020A4E000C9FC61 /* AOCacheOverPINCache.m */; };
		DC2AD4402020A4E100C9FC61 /* AOCacheOverNSCache.m in Sources */ = {isa = PBXBuildFile; fileRef = DC2AD4072020A4E000C9FC61 /* AOCacheOverNSCache.m */; };
		DC2AD4412020A4E100C9FC61 /* AOCache.m in Sources */ = {isa = PBXBuildFile; fileRef = DC2AD4082020A4E000C9FC61 /* AOCache.m */; };
		DC2AD4422020A4E100C9FC61 /* AOService+CacheController.m in Sources */ = {isa = PBXBuildFile; fileRef = DC2AD4092020A4E000C9FC61 /* AOService+CacheController.m */; };
		DC2AD4432020A4E100C9FC61 /* AOCacheDTO.m in Sources */ = {isa = PBXBuildFile; fileRef = DC2AD40A2020A4E000C9FC61 /* AOCacheDTO.m */; };
		DC2AD4442020A4E100C9FC61 /* AOCacheHelper.h in Headers */ = {isa = PBXBuildFile; fileRef = DC2AD40B2020A4E000C9FC61 /* AOCacheHelper.h */; };
		DC2AD4452020A4E100C9FC61 /* AOCacheHandler.h in Headers */ = {isa = PBXBuildFile; fileRef = DC2AD40C2020A4E000C9FC61 /* AOCacheHandler.h */; settings = {ATTRIBUTES = (Public, ); }; };
		DC2AD4462020A4E100C9FC61 /* AORequestMetadata.m in Sources */ = {isa = PBXBuildFile; fileRef = DC2AD40E2020A4E000C9FC61 /* AORequestMetadata.m */; };
		DC2AD4472020A4E100C9FC61 /* AOPagingMetadata.m in Sources */ = {isa = PBXBuildFile; fileRef = DC2AD40F2020A4E000C9FC61 /* AOPagingMetadata.m */; };
		DC2AD4482020A4E100C9FC61 /* AOPagingMetadata.h in Headers */ = {isa = PBXBuildFile; fileRef = DC2AD4102020A4E000C9FC61 /* AOPagingMetadata.h */; settings = {ATTRIBUTES = (Public, ); }; };
		DC2AD4492020A4E100C9FC61 /* AORequestMetadata.h in Headers */ = {isa = PBXBuildFile; fileRef = DC2AD4112020A4E000C9FC61 /* AORequestMetadata.h */; settings = {ATTRIBUTES = (Public, ); }; };
		DC2AD44A2020A4E100C9FC61 /* AccedoOneControl.h in Headers */ = {isa = PBXBuildFile; fileRef = DC2AD4132020A4E100C9FC61 /* AccedoOneControl.h */; settings = {ATTRIBUTES = (Public, ); }; };
		DC2AD44B2020A4E100C9FC61 /* AccedoOnePublish.m in Sources */ = {isa = PBXBuildFile; fileRef = DC2AD4142020A4E100C9FC61 /* AccedoOnePublish.m */; };
		DC2AD44C2020A4E100C9FC61 /* AccedoOneInsight.m in Sources */ = {isa = PBXBuildFile; fileRef = DC2AD4152020A4E100C9FC61 /* AccedoOneInsight.m */; };
		DC2AD44D2020A4E100C9FC61 /* AccedoOneDetect.h in Headers */ = {isa = PBXBuildFile; fileRef = DC2AD4162020A4E100C9FC61 /* AccedoOneDetect.h */; settings = {ATTRIBUTES = (Public, ); }; };
		DC2AD44E2020A4E100C9FC61 /* AccedoOneUserData.h in Headers */ = {isa = PBXBuildFile; fileRef = DC2AD4172020A4E100C9FC61 /* AccedoOneUserData.h */; settings = {ATTRIBUTES = (Public, ); }; };
		DC2AD44F2020A4E100C9FC61 /* AccedoOneControl.m in Sources */ = {isa = PBXBuildFile; fileRef = DC2AD4182020A4E100C9FC61 /* AccedoOneControl.m */; };
		DC2AD4502020A4E100C9FC61 /* AccedoOneInsight.h in Headers */ = {isa = PBXBuildFile; fileRef = DC2AD4192020A4E100C9FC61 /* AccedoOneInsight.h */; settings = {ATTRIBUTES = (Public, ); }; };
		DC2AD4512020A4E100C9FC61 /* AccedoOnePublish.h in Headers */ = {isa = PBXBuildFile; fileRef = DC2AD41A2020A4E100C9FC61 /* AccedoOnePublish.h */; settings = {ATTRIBUTES = (Public, ); }; };
		DC2AD4522020A4E100C9FC61 /* AccedoOneDetect.m in Sources */ = {isa = PBXBuildFile; fileRef = DC2AD41B2020A4E100C9FC61 /* AccedoOneDetect.m */; };
		DC2AD4532020A4E100C9FC61 /* AccedoOneUserData.m in Sources */ = {isa = PBXBuildFile; fileRef = DC2AD41C2020A4E100C9FC61 /* AccedoOneUserData.m */; };
		DC2AD4542020A4E100C9FC61 /* AccedoOneInsightProtocol.h in Headers */ = {isa = PBXBuildFile; fileRef = DC2AD41E2020A4E100C9FC61 /* AccedoOneInsightProtocol.h */; settings = {ATTRIBUTES = (Public, ); }; };
		DC2AD4552020A4E100C9FC61 /* AccedoOneDetectProtocol.h in Headers */ = {isa = PBXBuildFile; fileRef = DC2AD41F2020A4E100C9FC61 /* AccedoOneDetectProtocol.h */; settings = {ATTRIBUTES = (Public, ); }; };
		DC2AD4562020A4E100C9FC61 /* AccedoOneUserDataProtocol.h in Headers */ = {isa = PBXBuildFile; fileRef = DC2AD4202020A4E100C9FC61 /* AccedoOneUserDataProtocol.h */; settings = {ATTRIBUTES = (Public, ); }; };
		DC2AD4572020A4E100C9FC61 /* AccedoOnePublishProtocol.h in Headers */ = {isa = PBXBuildFile; fileRef = DC2AD4212020A4E100C9FC61 /* AccedoOnePublishProtocol.h */; settings = {ATTRIBUTES = (Public, ); }; };
		DC2AD4582020A4E100C9FC61 /* AccedoOneCacheProtocol.h in Headers */ = {isa = PBXBuildFile; fileRef = DC2AD4222020A4E100C9FC61 /* AccedoOneCacheProtocol.h */; settings = {ATTRIBUTES = (Public, ); }; };
		DC2AD4592020A4E100C9FC61 /* AccedoOneControlProtocol.h in Headers */ = {isa = PBXBuildFile; fileRef = DC2AD4232020A4E100C9FC61 /* AccedoOneControlProtocol.h */; settings = {ATTRIBUTES = (Public, ); }; };
		DC2AD45A2020A4E100C9FC61 /* AOService.m in Sources */ = {isa = PBXBuildFile; fileRef = DC2AD4252020A4E100C9FC61 /* AOService.m */; };
		DC2AD45B2020A4E100C9FC61 /* AOServiceComponent.h in Headers */ = {isa = PBXBuildFile; fileRef = DC2AD4262020A4E100C9FC61 /* AOServiceComponent.h */; settings = {ATTRIBUTES = (Public, ); }; };
		DC2AD45C2020A4E100C9FC61 /* AOCMSOptionalParams.h in Headers */ = {isa = PBXBuildFile; fileRef = DC2AD4272020A4E100C9FC61 /* AOCMSOptionalParams.h */; settings = {ATTRIBUTES = (Public, ); }; };
		DC2AD45D2020A4E100C9FC61 /* AOService.h in Headers */ = {isa = PBXBuildFile; fileRef = DC2AD4282020A4E100C9FC61 /* AOService.h */; settings = {ATTRIBUTES = (Public, ); }; };
		DC2AD45E2020A4E100C9FC61 /* AOCMSOptionalParams.m in Sources */ = {isa = PBXBuildFile; fileRef = DC2AD4292020A4E100C9FC61 /* AOCMSOptionalParams.m */; };
		DC2AD45F2020A4E100C9FC61 /* AOServiceComponent.m in Sources */ = {isa = PBXBuildFile; fileRef = DC2AD42A2020A4E100C9FC61 /* AOServiceComponent.m */; };
		DC2AD4602020A4E100C9FC61 /* AOObjectParserProtocol.h in Headers */ = {isa = PBXBuildFile; fileRef = DC2AD42B2020A4E100C9FC61 /* AOObjectParserProtocol.h */; settings = {ATTRIBUTES = (Public, ); }; };
		DC2AD4612020A4E100C9FC61 /* AOError.h in Headers */ = {isa = PBXBuildFile; fileRef = DC2AD42D2020A4E100C9FC61 /* AOError.h */; settings = {ATTRIBUTES = (Public, ); }; };
		DC2AD4622020A4E100C9FC61 /* AOAsynchBlockOperation.h in Headers */ = {isa = PBXBuildFile; fileRef = DC2AD42E2020A4E100C9FC61 /* AOAsynchBlockOperation.h */; };
		DC2AD4632020A4E100C9FC61 /* NSString+AO.m in Sources */ = {isa = PBXBuildFile; fileRef = DC2AD42F2020A4E100C9FC61 /* NSString+AO.m */; };
		DC2AD4642020A4E100C9FC61 /* AOFileUtils.m in Sources */ = {isa = PBXBuildFile; fileRef = DC2AD4302020A4E100C9FC61 /* AOFileUtils.m */; };
		DC2AD4652020A4E100C9FC61 /* NSArray+AO.h in Headers */ = {isa = PBXBuildFile; fileRef = DC2AD4312020A4E100C9FC61 /* NSArray+AO.h */; };
		DC2AD4662020A4E100C9FC61 /* AOError.m in Sources */ = {isa = PBXBuildFile; fileRef = DC2AD4322020A4E100C9FC61 /* AOError.m */; };
		DC2AD4672020A4E100C9FC61 /* AOAsynchBlockOperation.m in Sources */ = {isa = PBXBuildFile; fileRef = DC2AD4332020A4E100C9FC61 /* AOAsynchBlockOperation.m */; };
		DC2AD4682020A4E100C9FC61 /* NSString+AO.h in Headers */ = {isa = PBXBuildFile; fileRef = DC2AD4342020A4E100C9FC61 /* NSString+AO.h */; };
		DC2AD4692020A4E100C9FC61 /* NSArray+AO.m in Sources */ = {isa = PBXBuildFile; fileRef = DC2AD4352020A4E100C9FC61 /* NSArray+AO.m */; };
		DC2AD46A2020A4E100C9FC61 /* AOFileUtils.h in Headers */ = {isa = PBXBuildFile; fileRef = DC2AD4362020A4E100C9FC61 /* AOFileUtils.h */; };
		E0666CFD60F86EC4A0F80A4F /* PINDiskCache.m in Sources */ = {isa = PBXBuildFile; fileRef = 1D38AC160881372CDF9A0D36 /* PINDiskCache.m */; };
		EF0AF1561B5B1CBD719B1E9D /* PINCache.m in Sources */ = {isa = PBXBuildFile; fileRef = 1A21BD8ED62B36A9F8A2C37F /* PINCache.m */; };
/* End PBXBuildFile section */

/* Begin PBXContainerItemProxy section */
		8CE8C7161FEC79E50041C284 /* PBXContainerItemProxy */ = {
			isa = PBXContainerItemProxy;
			containerPortal = 8CE8C7021FEC79E50041C284 /* Project object */;
			proxyType = 1;
			remoteGlobalIDString = 8CE8C70A1FEC79E50041C284;
			remoteInfo = AccedoOnetvOS;
		};
/* End PBXContainerItemProxy section */

/* Begin PBXFileReference section */
		100B3D1D00E8FDCE3324E892 /* AFSecurityPolicy.h */ = {isa = PBXFileReference; includeInIndex = 1; lastKnownFileType = sourcecode.c.h; name = AFSecurityPolicy.h; path = AccedoOnetvOS/Libraries/AFNetworking/AFSecurityPolicy.h; sourceTree = "<group>"; };
		1A0899D49E0DE986B4495552 /* PINCache.h */ = {isa = PBXFileReference; includeInIndex = 1; lastKnownFileType = sourcecode.c.h; name = PINCache.h; path = AccedoOnetvOS/Libraries/PINCache/PINCache.h; sourceTree = "<group>"; };
		1A21BD8ED62B36A9F8A2C37F /* PINCache.m */ = {isa = PBXFileReference; includeInIndex = 1; lastKnownFileType = sourcecode.c.objc; name = PINCache.m; path = AccedoOnetvOS/Libraries/PINCache/PINCache.m; sourceTree = "<group>"; };
		1D38AC160881372CDF9A0D36 /* PINDiskCache.m */ = {isa = PBXFileReference; includeInIndex = 1; lastKnownFileType = sourcecode.c.objc; name = PINDiskCache.m; path = AccedoOnetvOS/Libraries/PINCache/PINDiskCache.m; sourceTree = "<group>"; };
		35AEECD129884ECDEED20E57 /* PINMemoryCache.m */ = {isa = PBXFileReference; includeInIndex = 1; lastKnownFileType = sourcecode.c.objc; name = PINMemoryCache.m; path = AccedoOnetvOS/Libraries/PINCache/PINMemoryCache.m; sourceTree = "<group>"; };
		370042E46B0AC7B4041C86BE /* AFSecurityPolicy.m */ = {isa = PBXFileReference; includeInIndex = 1; lastKnownFileType = sourcecode.c.objc; name = AFSecurityPolicy.m; path = AccedoOnetvOS/Libraries/AFNetworking/AFSecurityPolicy.m; sourceTree = "<group>"; };
		3F02C5558DB827E758A188D9 /* AFURLResponseSerialization.h */ = {isa = PBXFileReference; includeInIndex = 1; lastKnownFileType = sourcecode.c.h; name = AFURLResponseSerialization.h; path = AccedoOnetvOS/Libraries/AFNetworking/AFURLResponseSerialization.h; sourceTree = "<group>"; };
		5B40C21E45A2949895407CDB /* AFNetworkReachabilityManager.m */ = {isa = PBXFileReference; includeInIndex = 1; lastKnownFileType = sourcecode.c.objc; name = AFNetworkReachabilityManager.m; path = AccedoOnetvOS/Libraries/AFNetworking/AFNetworkReachabilityManager.m; sourceTree = "<group>"; };
		6864BA3D126F16874CB29373 /* PINMemoryCache.h */ = {isa = PBXFileReference; includeInIndex = 1; lastKnownFileType = sourcecode.c.h; name = PINMemoryCache.h; path = AccedoOnetvOS/Libraries/PINCache/PINMemoryCache.h; sourceTree = "<group>"; };
		6EE9B7D648363F71B185B5B4 /* AFNetworkingDependencies.h */ = {isa = PBXFileReference; includeInIndex = 1; lastKnownFileType = sourcecode.c.h; name = AFNetworkingDependencies.h; path = AccedoOnetvOS/Libraries/Symbols/AFNetworkingDependencies.h; sourceTree = "<group>"; };
		851045F5298FC14FF1C2C29C /* PINDiskCache.h */ = {isa = PBXFileReference; includeInIndex = 1; lastKnownFileType = sourcecode.c.h; name = PINDiskCache.h; path = AccedoOnetvOS/Libraries/PINCache/PINDiskCache.h; sourceTree = "<group>"; };
		8C58B2711FECA23D00241AFA /* AccedoOneTests.m */ = {isa = PBXFileReference; fileEncoding = 4; lastKnownFileType = sourcecode.c.objc; name = AccedoOneTests.m; path = ../../Tests/AccedoOneTests.m; sourceTree = "<group>"; };
		8CE8C70B1FEC79E50041C284 /* AccedoOnetvOS.framework */ = {isa = PBXFileReference; explicitFileType = wrapper.framework; includeInIndex = 0; path = AccedoOnetvOS.framework; sourceTree = BUILT_PRODUCTS_DIR; };
		8CE8C70E1FEC79E50041C284 /* AccedoOnetvOS.h */ = {isa = PBXFileReference; lastKnownFileType = sourcecode.c.h; path = AccedoOnetvOS.h; sourceTree = "<group>"; };
		8CE8C70F1FEC79E50041C284 /* Info.plist */ = {isa = PBXFileReference; lastKnownFileType = text.plist.xml; path = Info.plist; sourceTree = "<group>"; };
		8CE8C7141FEC79E50041C284 /* AccedoOnetvOSTests.xctest */ = {isa = PBXFileReference; explicitFileType = wrapper.cfbundle; includeInIndex = 0; path = AccedoOnetvOSTests.xctest; sourceTree = BUILT_PRODUCTS_DIR; };
		8CE8C71B1FEC79E50041C284 /* Info.plist */ = {isa = PBXFileReference; lastKnownFileType = text.plist.xml; path = Info.plist; sourceTree = "<group>"; };
		8CE8C7821FEC7E6A0041C284 /* AccedoOne.h */ = {isa = PBXFileReference; fileEncoding = 4; lastKnownFileType = sourcecode.c.h; name = AccedoOne.h; path = ../../Common/AccedoOne.h; sourceTree = "<group>"; };
		8CE8C7831FEC7E6A0041C284 /* AccedoOne.m */ = {isa = PBXFileReference; fileEncoding = 4; lastKnownFileType = sourcecode.c.objc; name = AccedoOne.m; path = ../../Common/AccedoOne.m; sourceTree = "<group>"; };
		8CE8C78E1FEC7ECA0041C284 /* AccedoOnetvOS.pch */ = {isa = PBXFileReference; lastKnownFileType = sourcecode.c.h; path = AccedoOnetvOS.pch; sourceTree = "<group>"; };
		90EFC088A0B42467801D03AE /* AFURLRequestSerialization.h */ = {isa = PBXFileReference; includeInIndex = 1; lastKnownFileType = sourcecode.c.h; name = AFURLRequestSerialization.h; path = AccedoOnetvOS/Libraries/AFNetworking/AFURLRequestSerialization.h; sourceTree = "<group>"; };
		98B06F0309ED0B071376DFB2 /* AFNetworkReachabilityManager.h */ = {isa = PBXFileReference; includeInIndex = 1; lastKnownFileType = sourcecode.c.h; name = AFNetworkReachabilityManager.h; path = AccedoOnetvOS/Libraries/AFNetworking/AFNetworkReachabilityManager.h; sourceTree = "<group>"; };
		A966E324C01A1BE08B761EC0 /* AFHTTPSessionManager.m */ = {isa = PBXFileReference; includeInIndex = 1; lastKnownFileType = sourcecode.c.objc; name = AFHTTPSessionManager.m; path = AccedoOnetvOS/Libraries/AFNetworking/AFHTTPSessionManager.m; sourceTree = "<group>"; };
		BD73EEFA6EB617336E8A21F3 /* AFHTTPSessionManager.h */ = {isa = PBXFileReference; includeInIndex = 1; lastKnownFileType = sourcecode.c.h; name = AFHTTPSessionManager.h; path = AccedoOnetvOS/Libraries/AFNetworking/AFHTTPSessionManager.h; sourceTree = "<group>"; };
		C976D427024A762BEB948054 /* AFURLResponseSerialization.m */ = {isa = PBXFileReference; includeInIndex = 1; lastKnownFileType = sourcecode.c.objc; name = AFURLResponseSerialization.m; path = AccedoOnetvOS/Libraries/AFNetworking/AFURLResponseSerialization.m; sourceTree = "<group>"; };
		D6D54405BC271BEB7125EBFE /* PINCacheDependencies.h */ = {isa = PBXFileReference; includeInIndex = 1; lastKnownFileType = sourcecode.c.h; name = PINCacheDependencies.h; path = AccedoOnetvOS/Libraries/Symbols/PINCacheDependencies.h; sourceTree = "<group>"; };
		D91BE977DBD7D1FE179AD89F /* AFURLRequestSerialization.m */ = {isa = PBXFileReference; includeInIndex = 1; lastKnownFileType = sourcecode.c.objc; name = AFURLRequestSerialization.m; path = AccedoOnetvOS/Libraries/AFNetworking/AFURLRequestSerialization.m; sourceTree = "<group>"; };
		DC2AD3FC2020A4E000C9FC61 /* AOCacheDTO.h */ = {isa = PBXFileReference; fileEncoding = 4; lastKnownFileType = sourcecode.c.h; path = AOCacheDTO.h; sourceTree = "<group>"; };
		DC2AD3FD2020A4E000C9FC61 /* AOService+CacheController.h */ = {isa = PBXFileReference; fileEncoding = 4; lastKnownFileType = sourcecode.c.h; path = "AOService+CacheController.h"; sourceTree = "<group>"; };
		DC2AD3FE2020A4E000C9FC61 /* AOCacheHelper.m */ = {isa = PBXFileReference; fileEncoding = 4; lastKnownFileType = sourcecode.c.objc; path = AOCacheHelper.m; sourceTree = "<group>"; };
		DC2AD4002020A4E000C9FC61 /* AOCache.h */ = {isa = PBXFileReference; fileEncoding = 4; lastKnownFileType = sourcecode.c.h; path = AOCache.h; sourceTree = "<group>"; };
		DC2AD4012020A4E000C9FC61 /* AOCacheOverNSCache.h */ = {isa = PBXFileReference; fileEncoding = 4; lastKnownFileType = sourcecode.c.h; path = AOCacheOverNSCache.h; sourceTree = "<group>"; };
		DC2AD4022020A4E000C9FC61 /* AOCacheOverPINCache.h */ = {isa = PBXFileReference; fileEncoding = 4; lastKnownFileType = sourcecode.c.h; path = AOCacheOverPINCache.h; sourceTree = "<group>"; };
		DC2AD4042020A4E000C9FC61 /* AOCacheAtom.m */ = {isa = PBXFileReference; fileEncoding = 4; lastKnownFileType = sourcecode.c.objc; path = AOCacheAtom.m; sourceTree = "<group>"; };
		DC2AD4052020A4E000C9FC61 /* AOCacheAtom.h */ = {isa = PBXFileReference; fileEncoding = 4; lastKnownFileType = sourcecode.c.h; path = AOCacheAtom.h; sourceTree = "<group>"; };
		DC2AD4062020A4E000C9FC61 /* AOCacheOverPINCache.m */ = {isa = PBXFileReference; fileEncoding = 4; lastKnownFileType = sourcecode.c.objc; path = AOCacheOverPINCache.m; sourceTree = "<group>"; };
		DC2AD4072020A4E000C9FC61 /* AOCacheOverNSCache.m */ = {isa = PBXFileReference; fileEncoding = 4; lastKnownFileType = sourcecode.c.objc; path = AOCacheOverNSCache.m; sourceTree = "<group>"; };
		DC2AD4082020A4E000C9FC61 /* AOCache.m */ = {isa = PBXFileReference; fileEncoding = 4; lastKnownFileType = sourcecode.c.objc; path = AOCache.m; sourceTree = "<group>"; };
		DC2AD4092020A4E000C9FC61 /* AOService+CacheController.m */ = {isa = PBXFileReference; fileEncoding = 4; lastKnownFileType = sourcecode.c.objc; path = "AOService+CacheController.m"; sourceTree = "<group>"; };
		DC2AD40A2020A4E000C9FC61 /* AOCacheDTO.m */ = {isa = PBXFileReference; fileEncoding = 4; lastKnownFileType = sourcecode.c.objc; path = AOCacheDTO.m; sourceTree = "<group>"; };
		DC2AD40B2020A4E000C9FC61 /* AOCacheHelper.h */ = {isa = PBXFileReference; fileEncoding = 4; lastKnownFileType = sourcecode.c.h; path = AOCacheHelper.h; sourceTree = "<group>"; };
		DC2AD40C2020A4E000C9FC61 /* AOCacheHandler.h */ = {isa = PBXFileReference; fileEncoding = 4; lastKnownFileType = sourcecode.c.h; path = AOCacheHandler.h; sourceTree = "<group>"; };
		DC2AD40E2020A4E000C9FC61 /* AORequestMetadata.m */ = {isa = PBXFileReference; fileEncoding = 4; lastKnownFileType = sourcecode.c.objc; path = AORequestMetadata.m; sourceTree = "<group>"; };
		DC2AD40F2020A4E000C9FC61 /* AOPagingMetadata.m */ = {isa = PBXFileReference; fileEncoding = 4; lastKnownFileType = sourcecode.c.objc; path = AOPagingMetadata.m; sourceTree = "<group>"; };
		DC2AD4102020A4E000C9FC61 /* AOPagingMetadata.h */ = {isa = PBXFileReference; fileEncoding = 4; lastKnownFileType = sourcecode.c.h; path = AOPagingMetadata.h; sourceTree = "<group>"; };
		DC2AD4112020A4E000C9FC61 /* AORequestMetadata.h */ = {isa = PBXFileReference; fileEncoding = 4; lastKnownFileType = sourcecode.c.h; path = AORequestMetadata.h; sourceTree = "<group>"; };
		DC2AD4132020A4E100C9FC61 /* AccedoOneControl.h */ = {isa = PBXFileReference; fileEncoding = 4; lastKnownFileType = sourcecode.c.h; path = AccedoOneControl.h; sourceTree = "<group>"; };
		DC2AD4142020A4E100C9FC61 /* AccedoOnePublish.m */ = {isa = PBXFileReference; fileEncoding = 4; lastKnownFileType = sourcecode.c.objc; path = AccedoOnePublish.m; sourceTree = "<group>"; };
		DC2AD4152020A4E100C9FC61 /* AccedoOneInsight.m */ = {isa = PBXFileReference; fileEncoding = 4; lastKnownFileType = sourcecode.c.objc; path = AccedoOneInsight.m; sourceTree = "<group>"; };
		DC2AD4162020A4E100C9FC61 /* AccedoOneDetect.h */ = {isa = PBXFileReference; fileEncoding = 4; lastKnownFileType = sourcecode.c.h; path = AccedoOneDetect.h; sourceTree = "<group>"; };
		DC2AD4172020A4E100C9FC61 /* AccedoOneUserData.h */ = {isa = PBXFileReference; fileEncoding = 4; lastKnownFileType = sourcecode.c.h; path = AccedoOneUserData.h; sourceTree = "<group>"; };
		DC2AD4182020A4E100C9FC61 /* AccedoOneControl.m */ = {isa = PBXFileReference; fileEncoding = 4; lastKnownFileType = sourcecode.c.objc; path = AccedoOneControl.m; sourceTree = "<group>"; };
		DC2AD4192020A4E100C9FC61 /* AccedoOneInsight.h */ = {isa = PBXFileReference; fileEncoding = 4; lastKnownFileType = sourcecode.c.h; path = AccedoOneInsight.h; sourceTree = "<group>"; };
		DC2AD41A2020A4E100C9FC61 /* AccedoOnePublish.h */ = {isa = PBXFileReference; fileEncoding = 4; lastKnownFileType = sourcecode.c.h; path = AccedoOnePublish.h; sourceTree = "<group>"; };
		DC2AD41B2020A4E100C9FC61 /* AccedoOneDetect.m */ = {isa = PBXFileReference; fileEncoding = 4; lastKnownFileType = sourcecode.c.objc; path = AccedoOneDetect.m; sourceTree = "<group>"; };
		DC2AD41C2020A4E100C9FC61 /* AccedoOneUserData.m */ = {isa = PBXFileReference; fileEncoding = 4; lastKnownFileType = sourcecode.c.objc; path = AccedoOneUserData.m; sourceTree = "<group>"; };
		DC2AD41E2020A4E100C9FC61 /* AccedoOneInsightProtocol.h */ = {isa = PBXFileReference; fileEncoding = 4; lastKnownFileType = sourcecode.c.h; path = AccedoOneInsightProtocol.h; sourceTree = "<group>"; };
		DC2AD41F2020A4E100C9FC61 /* AccedoOneDetectProtocol.h */ = {isa = PBXFileReference; fileEncoding = 4; lastKnownFileType = sourcecode.c.h; path = AccedoOneDetectProtocol.h; sourceTree = "<group>"; };
		DC2AD4202020A4E100C9FC61 /* AccedoOneUserDataProtocol.h */ = {isa = PBXFileReference; fileEncoding = 4; lastKnownFileType = sourcecode.c.h; path = AccedoOneUserDataProtocol.h; sourceTree = "<group>"; };
		DC2AD4212020A4E100C9FC61 /* AccedoOnePublishProtocol.h */ = {isa = PBXFileReference; fileEncoding = 4; lastKnownFileType = sourcecode.c.h; path = AccedoOnePublishProtocol.h; sourceTree = "<group>"; };
		DC2AD4222020A4E100C9FC61 /* AccedoOneCacheProtocol.h */ = {isa = PBXFileReference; fileEncoding = 4; lastKnownFileType = sourcecode.c.h; path = AccedoOneCacheProtocol.h; sourceTree = "<group>"; };
		DC2AD4232020A4E100C9FC61 /* AccedoOneControlProtocol.h */ = {isa = PBXFileReference; fileEncoding = 4; lastKnownFileType = sourcecode.c.h; path = AccedoOneControlProtocol.h; sourceTree = "<group>"; };
		DC2AD4252020A4E100C9FC61 /* AOService.m */ = {isa = PBXFileReference; fileEncoding = 4; lastKnownFileType = sourcecode.c.objc; path = AOService.m; sourceTree = "<group>"; };
		DC2AD4262020A4E100C9FC61 /* AOServiceComponent.h */ = {isa = PBXFileReference; fileEncoding = 4; lastKnownFileType = sourcecode.c.h; path = AOServiceComponent.h; sourceTree = "<group>"; };
		DC2AD4272020A4E100C9FC61 /* AOCMSOptionalParams.h */ = {isa = PBXFileReference; fileEncoding = 4; lastKnownFileType = sourcecode.c.h; path = AOCMSOptionalParams.h; sourceTree = "<group>"; };
		DC2AD4282020A4E100C9FC61 /* AOService.h */ = {isa = PBXFileReference; fileEncoding = 4; lastKnownFileType = sourcecode.c.h; path = AOService.h; sourceTree = "<group>"; };
		DC2AD4292020A4E100C9FC61 /* AOCMSOptionalParams.m */ = {isa = PBXFileReference; fileEncoding = 4; lastKnownFileType = sourcecode.c.objc; path = AOCMSOptionalParams.m; sourceTree = "<group>"; };
		DC2AD42A2020A4E100C9FC61 /* AOServiceComponent.m */ = {isa = PBXFileReference; fileEncoding = 4; lastKnownFileType = sourcecode.c.objc; path = AOServiceComponent.m; sourceTree = "<group>"; };
		DC2AD42B2020A4E100C9FC61 /* AOObjectParserProtocol.h */ = {isa = PBXFileReference; fileEncoding = 4; lastKnownFileType = sourcecode.c.h; path = AOObjectParserProtocol.h; sourceTree = "<group>"; };
		DC2AD42D2020A4E100C9FC61 /* AOError.h */ = {isa = PBXFileReference; fileEncoding = 4; lastKnownFileType = sourcecode.c.h; path = AOError.h; sourceTree = "<group>"; };
		DC2AD42E2020A4E100C9FC61 /* AOAsynchBlockOperation.h */ = {isa = PBXFileReference; fileEncoding = 4; lastKnownFileType = sourcecode.c.h; path = AOAsynchBlockOperation.h; sourceTree = "<group>"; };
		DC2AD42F2020A4E100C9FC61 /* NSString+AO.m */ = {isa = PBXFileReference; fileEncoding = 4; lastKnownFileType = sourcecode.c.objc; path = "NSString+AO.m"; sourceTree = "<group>"; };
		DC2AD4302020A4E100C9FC61 /* AOFileUtils.m */ = {isa = PBXFileReference; fileEncoding = 4; lastKnownFileType = sourcecode.c.objc; path = AOFileUtils.m; sourceTree = "<group>"; };
		DC2AD4312020A4E100C9FC61 /* NSArray+AO.h */ = {isa = PBXFileReference; fileEncoding = 4; lastKnownFileType = sourcecode.c.h; path = "NSArray+AO.h"; sourceTree = "<group>"; };
		DC2AD4322020A4E100C9FC61 /* AOError.m */ = {isa = PBXFileReference; fileEncoding = 4; lastKnownFileType = sourcecode.c.objc; path = AOError.m; sourceTree = "<group>"; };
		DC2AD4332020A4E100C9FC61 /* AOAsynchBlockOperation.m */ = {isa = PBXFileReference; fileEncoding = 4; lastKnownFileType = sourcecode.c.objc; path = AOAsynchBlockOperation.m; sourceTree = "<group>"; };
		DC2AD4342020A4E100C9FC61 /* NSString+AO.h */ = {isa = PBXFileReference; fileEncoding = 4; lastKnownFileType = sourcecode.c.h; path = "NSString+AO.h"; sourceTree = "<group>"; };
		DC2AD4352020A4E100C9FC61 /* NSArray+AO.m */ = {isa = PBXFileReference; fileEncoding = 4; lastKnownFileType = sourcecode.c.objc; path = "NSArray+AO.m"; sourceTree = "<group>"; };
		DC2AD4362020A4E100C9FC61 /* AOFileUtils.h */ = {isa = PBXFileReference; fileEncoding = 4; lastKnownFileType = sourcecode.c.h; path = AOFileUtils.h; sourceTree = "<group>"; };
		E8C40C071D6219C4C25780E3 /* AFURLSessionManager.h */ = {isa = PBXFileReference; includeInIndex = 1; lastKnownFileType = sourcecode.c.h; name = AFURLSessionManager.h; path = AccedoOnetvOS/Libraries/AFNetworking/AFURLSessionManager.h; sourceTree = "<group>"; };
		EA39A3BDDCE8DEAE1134E26A /* AFURLSessionManager.m */ = {isa = PBXFileReference; includeInIndex = 1; lastKnownFileType = sourcecode.c.objc; name = AFURLSessionManager.m; path = AccedoOnetvOS/Libraries/AFNetworking/AFURLSessionManager.m; sourceTree = "<group>"; };
		EB84B9BAB9AE77EE05FAC625 /* AFNetworking.h */ = {isa = PBXFileReference; includeInIndex = 1; lastKnownFileType = sourcecode.c.h; name = AFNetworking.h; path = AccedoOnetvOS/Libraries/AFNetworking/AFNetworking.h; sourceTree = "<group>"; };
		EC1B214AE8B4BCEA57659470 /* Nullability.h */ = {isa = PBXFileReference; includeInIndex = 1; lastKnownFileType = sourcecode.c.h; name = Nullability.h; path = AccedoOnetvOS/Libraries/PINCache/Nullability.h; sourceTree = "<group>"; };
/* End PBXFileReference section */

/* Begin PBXFrameworksBuildPhase section */
		8CE8C7071FEC79E50041C284 /* Frameworks */ = {
			isa = PBXFrameworksBuildPhase;
			buildActionMask = 2147483647;
			files = (
			);
			runOnlyForDeploymentPostprocessing = 0;
		};
		8CE8C7111FEC79E50041C284 /* Frameworks */ = {
			isa = PBXFrameworksBuildPhase;
			buildActionMask = 2147483647;
			files = (
				8CE8C7151FEC79E50041C284 /* AccedoOnetvOS.framework in Frameworks */,
			);
			runOnlyForDeploymentPostprocessing = 0;
		};
/* End PBXFrameworksBuildPhase section */

/* Begin PBXGroup section */
		8CE8C7011FEC79E50041C284 = {
			isa = PBXGroup;
			children = (
				8CE8C70D1FEC79E50041C284 /* AccedoOnetvOS */,
				8CE8C7181FEC79E50041C284 /* AccedoOnetvOSTests */,
				8CE8C70C1FEC79E50041C284 /* Products */,
				B3A19992AE8CD774416C09E7 /* AFNetworking */,
				DE466F672BD53F89E80B1D08 /* PINCache */,
				E46B632DEA137D223F1B15A0 /* Symbols */,
			);
			sourceTree = "<group>";
		};
		8CE8C70C1FEC79E50041C284 /* Products */ = {
			isa = PBXGroup;
			children = (
				8CE8C70B1FEC79E50041C284 /* AccedoOnetvOS.framework */,
				8CE8C7141FEC79E50041C284 /* AccedoOnetvOSTests.xctest */,
			);
			name = Products;
			sourceTree = "<group>";
		};
		8CE8C70D1FEC79E50041C284 /* AccedoOnetvOS */ = {
			isa = PBXGroup;
			children = (
				DC2AD4122020A4E100C9FC61 /* API */,
				DC2AD3FB2020A4E000C9FC61 /* Cache */,
				DC2AD41D2020A4E100C9FC61 /* Protocols */,
				DC2AD40D2020A4E000C9FC61 /* Request */,
				DC2AD4242020A4E100C9FC61 /* Service */,
				DC2AD42C2020A4E100C9FC61 /* Utils */,
				8CE8C7821FEC7E6A0041C284 /* AccedoOne.h */,
				8CE8C7831FEC7E6A0041C284 /* AccedoOne.m */,
				8CE8C70E1FEC79E50041C284 /* AccedoOnetvOS.h */,
				8CE8C78E1FEC7ECA0041C284 /* AccedoOnetvOS.pch */,
				8CE8C70F1FEC79E50041C284 /* Info.plist */,
			);
			path = AccedoOnetvOS;
			sourceTree = "<group>";
		};
		8CE8C7181FEC79E50041C284 /* AccedoOnetvOSTests */ = {
			isa = PBXGroup;
			children = (
				8C58B2711FECA23D00241AFA /* AccedoOneTests.m */,
				8CE8C71B1FEC79E50041C284 /* Info.plist */,
			);
			path = AccedoOnetvOSTests;
			sourceTree = "<group>";
		};
		B3A19992AE8CD774416C09E7 /* AFNetworking */ = {
			isa = PBXGroup;
			children = (
				C976D427024A762BEB948054 /* AFURLResponseSerialization.m */,
				A966E324C01A1BE08B761EC0 /* AFHTTPSessionManager.m */,
				EA39A3BDDCE8DEAE1134E26A /* AFURLSessionManager.m */,
				D91BE977DBD7D1FE179AD89F /* AFURLRequestSerialization.m */,
				5B40C21E45A2949895407CDB /* AFNetworkReachabilityManager.m */,
				370042E46B0AC7B4041C86BE /* AFSecurityPolicy.m */,
				100B3D1D00E8FDCE3324E892 /* AFSecurityPolicy.h */,
				98B06F0309ED0B071376DFB2 /* AFNetworkReachabilityManager.h */,
				E8C40C071D6219C4C25780E3 /* AFURLSessionManager.h */,
				90EFC088A0B42467801D03AE /* AFURLRequestSerialization.h */,
				3F02C5558DB827E758A188D9 /* AFURLResponseSerialization.h */,
				EB84B9BAB9AE77EE05FAC625 /* AFNetworking.h */,
				BD73EEFA6EB617336E8A21F3 /* AFHTTPSessionManager.h */,
			);
			name = AFNetworking;
			sourceTree = "<group>";
		};
		DC2AD3FB2020A4E000C9FC61 /* Cache */ = {
			isa = PBXGroup;
			children = (
				DC2AD3FF2020A4E000C9FC61 /* Providers */,
				DC2AD3FC2020A4E000C9FC61 /* AOCacheDTO.h */,
				DC2AD40A2020A4E000C9FC61 /* AOCacheDTO.m */,
				DC2AD3FE2020A4E000C9FC61 /* AOCacheHelper.m */,
				DC2AD3FD2020A4E000C9FC61 /* AOService+CacheController.h */,
				DC2AD4092020A4E000C9FC61 /* AOService+CacheController.m */,
				DC2AD40B2020A4E000C9FC61 /* AOCacheHelper.h */,
				DC2AD40C2020A4E000C9FC61 /* AOCacheHandler.h */,
			);
			name = Cache;
			path = ../../Common/Cache;
			sourceTree = "<group>";
		};
		DC2AD3FF2020A4E000C9FC61 /* Providers */ = {
			isa = PBXGroup;
			children = (
				DC2AD4002020A4E000C9FC61 /* AOCache.h */,
				DC2AD4012020A4E000C9FC61 /* AOCacheOverNSCache.h */,
				DC2AD4022020A4E000C9FC61 /* AOCacheOverPINCache.h */,
				DC2AD4032020A4E000C9FC61 /* Model */,
				DC2AD4062020A4E000C9FC61 /* AOCacheOverPINCache.m */,
				DC2AD4072020A4E000C9FC61 /* AOCacheOverNSCache.m */,
				DC2AD4082020A4E000C9FC61 /* AOCache.m */,
			);
			path = Providers;
			sourceTree = "<group>";
		};
		DC2AD4032020A4E000C9FC61 /* Model */ = {
			isa = PBXGroup;
			children = (
				DC2AD4042020A4E000C9FC61 /* AOCacheAtom.m */,
				DC2AD4052020A4E000C9FC61 /* AOCacheAtom.h */,
			);
			path = Model;
			sourceTree = "<group>";
		};
		DC2AD40D2020A4E000C9FC61 /* Request */ = {
			isa = PBXGroup;
			children = (
				DC2AD4102020A4E000C9FC61 /* AOPagingMetadata.h */,
				DC2AD40F2020A4E000C9FC61 /* AOPagingMetadata.m */,
				DC2AD4112020A4E000C9FC61 /* AORequestMetadata.h */,
				DC2AD40E2020A4E000C9FC61 /* AORequestMetadata.m */,
			);
			name = Request;
			path = ../../Common/Request;
			sourceTree = "<group>";
		};
		DC2AD4122020A4E100C9FC61 /* API */ = {
			isa = PBXGroup;
			children = (
				DC2AD4132020A4E100C9FC61 /* AccedoOneControl.h */,
				DC2AD4182020A4E100C9FC61 /* AccedoOneControl.m */,
				DC2AD4162020A4E100C9FC61 /* AccedoOneDetect.h */,
				DC2AD41B2020A4E100C9FC61 /* AccedoOneDetect.m */,
				DC2AD4192020A4E100C9FC61 /* AccedoOneInsight.h */,
				DC2AD4152020A4E100C9FC61 /* AccedoOneInsight.m */,
				DC2AD41A2020A4E100C9FC61 /* AccedoOnePublish.h */,
				DC2AD4142020A4E100C9FC61 /* AccedoOnePublish.m */,
				DC2AD4172020A4E100C9FC61 /* AccedoOneUserData.h */,
				DC2AD41C2020A4E100C9FC61 /* AccedoOneUserData.m */,
			);
			name = API;
			path = ../../Common/API;
			sourceTree = "<group>";
		};
		DC2AD41D2020A4E100C9FC61 /* Protocols */ = {
			isa = PBXGroup;
			children = (
				DC2AD4232020A4E100C9FC61 /* AccedoOneControlProtocol.h */,
				DC2AD41F2020A4E100C9FC61 /* AccedoOneDetectProtocol.h */,
				DC2AD41E2020A4E100C9FC61 /* AccedoOneInsightProtocol.h */,
				DC2AD4212020A4E100C9FC61 /* AccedoOnePublishProtocol.h */,
				DC2AD4202020A4E100C9FC61 /* AccedoOneUserDataProtocol.h */,
				DC2AD4222020A4E100C9FC61 /* AccedoOneCacheProtocol.h */,
			);
			name = Protocols;
			path = ../../Common/Protocols;
			sourceTree = "<group>";
		};
		DC2AD4242020A4E100C9FC61 /* Service */ = {
			isa = PBXGroup;
			children = (
				DC2AD4282020A4E100C9FC61 /* AOService.h */,
				DC2AD4252020A4E100C9FC61 /* AOService.m */,
				DC2AD4262020A4E100C9FC61 /* AOServiceComponent.h */,
				DC2AD42A2020A4E100C9FC61 /* AOServiceComponent.m */,
				DC2AD4272020A4E100C9FC61 /* AOCMSOptionalParams.h */,
				DC2AD4292020A4E100C9FC61 /* AOCMSOptionalParams.m */,
				DC2AD42B2020A4E100C9FC61 /* AOObjectParserProtocol.h */,
			);
			name = Service;
			path = ../../Common/Service;
			sourceTree = "<group>";
		};
		DC2AD42C2020A4E100C9FC61 /* Utils */ = {
			isa = PBXGroup;
			children = (
				DC2AD42D2020A4E100C9FC61 /* AOError.h */,
				DC2AD4322020A4E100C9FC61 /* AOError.m */,
				DC2AD4342020A4E100C9FC61 /* NSString+AO.h */,
				DC2AD42F2020A4E100C9FC61 /* NSString+AO.m */,
				DC2AD4312020A4E100C9FC61 /* NSArray+AO.h */,
				DC2AD4352020A4E100C9FC61 /* NSArray+AO.m */,
				DC2AD42E2020A4E100C9FC61 /* AOAsynchBlockOperation.h */,
				DC2AD4332020A4E100C9FC61 /* AOAsynchBlockOperation.m */,
				DC2AD4362020A4E100C9FC61 /* AOFileUtils.h */,
				DC2AD4302020A4E100C9FC61 /* AOFileUtils.m */,
			);
			name = Utils;
			path = ../../Common/Utils;
			sourceTree = "<group>";
		};
		DE466F672BD53F89E80B1D08 /* PINCache */ = {
			isa = PBXGroup;
			children = (
				1A21BD8ED62B36A9F8A2C37F /* PINCache.m */,
				35AEECD129884ECDEED20E57 /* PINMemoryCache.m */,
				1D38AC160881372CDF9A0D36 /* PINDiskCache.m */,
				851045F5298FC14FF1C2C29C /* PINDiskCache.h */,
				1A0899D49E0DE986B4495552 /* PINCache.h */,
				EC1B214AE8B4BCEA57659470 /* Nullability.h */,
				6864BA3D126F16874CB29373 /* PINMemoryCache.h */,
			);
			name = PINCache;
			sourceTree = "<group>";
		};
		E46B632DEA137D223F1B15A0 /* Symbols */ = {
			isa = PBXGroup;
			children = (
				6EE9B7D648363F71B185B5B4 /* AFNetworkingDependencies.h */,
				D6D54405BC271BEB7125EBFE /* PINCacheDependencies.h */,
			);
			name = Symbols;
			sourceTree = "<group>";
		};
/* End PBXGroup section */

/* Begin PBXHeadersBuildPhase section */
		8CE8C7081FEC79E50041C284 /* Headers */ = {
			isa = PBXHeadersBuildPhase;
			buildActionMask = 2147483647;
			files = (
				8CE8C7851FEC7E6B0041C284 /* AccedoOne.h in Headers */,
				DC2AD44D2020A4E100C9FC61 /* AccedoOneDetect.h in Headers */,
				DC2AD45C2020A4E100C9FC61 /* AOCMSOptionalParams.h in Headers */,
				DC2AD4572020A4E100C9FC61 /* AccedoOnePublishProtocol.h in Headers */,
				DC2AD45D2020A4E100C9FC61 /* AOService.h in Headers */,
				DC2AD4562020A4E100C9FC61 /* AccedoOneUserDataProtocol.h in Headers */,
				DC2AD4482020A4E100C9FC61 /* AOPagingMetadata.h in Headers */,
				DC2AD4602020A4E100C9FC61 /* AOObjectParserProtocol.h in Headers */,
				DC2AD4452020A4E100C9FC61 /* AOCacheHandler.h in Headers */,
				DC2AD4552020A4E100C9FC61 /* AccedoOneDetectProtocol.h in Headers */,
				DC2AD4582020A4E100C9FC61 /* AccedoOneCacheProtocol.h in Headers */,
				DC2AD4592020A4E100C9FC61 /* AccedoOneControlProtocol.h in Headers */,
				DC2AD4612020A4E100C9FC61 /* AOError.h in Headers */,
				DC2AD4512020A4E100C9FC61 /* AccedoOnePublish.h in Headers */,
				DC2AD4502020A4E100C9FC61 /* AccedoOneInsight.h in Headers */,
				DC2AD4542020A4E100C9FC61 /* AccedoOneInsightProtocol.h in Headers */,
				DC2AD4492020A4E100C9FC61 /* AORequestMetadata.h in Headers */,
				DC2AD44E2020A4E100C9FC61 /* AccedoOneUserData.h in Headers */,
				DC2AD4622020A4E100C9FC61 /* AOAsynchBlockOperation.h in Headers */,
				DC2AD44A2020A4E100C9FC61 /* AccedoOneControl.h in Headers */,
				DC2AD45B2020A4E100C9FC61 /* AOServiceComponent.h in Headers */,
				DC2AD43A2020A4E100C9FC61 /* AOCache.h in Headers */,
				DC2AD4372020A4E100C9FC61 /* AOCacheDTO.h in Headers */,
				8CE8C78F1FEC7ECA0041C284 /* AccedoOnetvOS.pch in Headers */,
				DC2AD43B2020A4E100C9FC61 /* AOCacheOverNSCache.h in Headers */,
				DC2AD43E2020A4E100C9FC61 /* AOCacheAtom.h in Headers */,
				DC2AD46A2020A4E100C9FC61 /* AOFileUtils.h in Headers */,
				DC2AD4682020A4E100C9FC61 /* NSString+AO.h in Headers */,
				DC2AD43C2020A4E100C9FC61 /* AOCacheOverPINCache.h in Headers */,
				DC2AD4382020A4E100C9FC61 /* AOService+CacheController.h in Headers */,
				DC2AD4652020A4E100C9FC61 /* NSArray+AO.h in Headers */,
				8CE8C71C1FEC79E50041C284 /* AccedoOnetvOS.h in Headers */,
				DC2AD4442020A4E100C9FC61 /* AOCacheHelper.h in Headers */,
			);
			runOnlyForDeploymentPostprocessing = 0;
		};
/* End PBXHeadersBuildPhase section */

/* Begin PBXNativeTarget section */
		8CE8C70A1FEC79E50041C284 /* AccedoOnetvOS */ = {
			isa = PBXNativeTarget;
			buildConfigurationList = 8CE8C71F1FEC79E50041C284 /* Build configuration list for PBXNativeTarget "AccedoOnetvOS" */;
			buildPhases = (
				8CE8C7061FEC79E50041C284 /* Sources */,
				8CE8C7071FEC79E50041C284 /* Frameworks */,
				8CE8C7081FEC79E50041C284 /* Headers */,
				8CE8C7091FEC79E50041C284 /* Resources */,
			);
			buildRules = (
			);
			dependencies = (
			);
			name = AccedoOnetvOS;
			productName = AccedoOnetvOS;
			productReference = 8CE8C70B1FEC79E50041C284 /* AccedoOnetvOS.framework */;
			productType = "com.apple.product-type.framework";
		};
		8CE8C7131FEC79E50041C284 /* AccedoOnetvOSTests */ = {
			isa = PBXNativeTarget;
			buildConfigurationList = 8CE8C7221FEC79E50041C284 /* Build configuration list for PBXNativeTarget "AccedoOnetvOSTests" */;
			buildPhases = (
				8CE8C7101FEC79E50041C284 /* Sources */,
				8CE8C7111FEC79E50041C284 /* Frameworks */,
				8CE8C7121FEC79E50041C284 /* Resources */,
			);
			buildRules = (
			);
			dependencies = (
				8CE8C7171FEC79E50041C284 /* PBXTargetDependency */,
			);
			name = AccedoOnetvOSTests;
			productName = AccedoOnetvOSTests;
			productReference = 8CE8C7141FEC79E50041C284 /* AccedoOnetvOSTests.xctest */;
			productType = "com.apple.product-type.bundle.unit-test";
		};
/* End PBXNativeTarget section */

/* Begin PBXProject section */
		8CE8C7021FEC79E50041C284 /* Project object */ = {
			isa = PBXProject;
			attributes = {
				LastUpgradeCheck = 0920;
				ORGANIZATIONNAME = "Gabor Bottyan";
				TargetAttributes = {
					8CE8C70A1FEC79E50041C284 = {
						CreatedOnToolsVersion = 9.2;
						ProvisioningStyle = Automatic;
					};
					8CE8C7131FEC79E50041C284 = {
						CreatedOnToolsVersion = 9.2;
						ProvisioningStyle = Automatic;
					};
					8CE8C7DF1FEC9EE60041C284 = {
						CreatedOnToolsVersion = 9.2;
						ProvisioningStyle = Automatic;
					};
				};
			};
			buildConfigurationList = 8CE8C7051FEC79E50041C284 /* Build configuration list for PBXProject "AccedoOnetvOS" */;
			compatibilityVersion = "Xcode 8.0";
			developmentRegion = en;
			hasScannedForEncodings = 0;
			knownRegions = (
				en,
			);
			mainGroup = 8CE8C7011FEC79E50041C284;
			productRefGroup = 8CE8C70C1FEC79E50041C284 /* Products */;
			projectDirPath = "";
			projectRoot = "";
			targets = (
				8CE8C70A1FEC79E50041C284 /* AccedoOnetvOS */,
				8CE8C7131FEC79E50041C284 /* AccedoOnetvOSTests */,
				8CE8C7DF1FEC9EE60041C284 /* AccedoOnetvOSRelease */,
			);
		};
/* End PBXProject section */

/* Begin PBXResourcesBuildPhase section */
		8CE8C7091FEC79E50041C284 /* Resources */ = {
			isa = PBXResourcesBuildPhase;
			buildActionMask = 2147483647;
			files = (
			);
			runOnlyForDeploymentPostprocessing = 0;
		};
		8CE8C7121FEC79E50041C284 /* Resources */ = {
			isa = PBXResourcesBuildPhase;
			buildActionMask = 2147483647;
			files = (
			);
			runOnlyForDeploymentPostprocessing = 0;
		};
/* End PBXResourcesBuildPhase section */

/* Begin PBXShellScriptBuildPhase section */
		8CE8C7E31FEC9EED0041C284 /* ShellScript */ = {
			isa = PBXShellScriptBuildPhase;
			buildActionMask = 2147483647;
			files = (
			);
			inputPaths = (
			);
			outputPaths = (
			);
			runOnlyForDeploymentPostprocessing = 0;
			shellPath = /bin/sh;
			shellScript = "######################\n# Options\n######################\nNULL=\n\nREVEAL_ARCHIVE_IN_FINDER=true\n\nFRAMEWORK_NAME=\"${PROJECT_NAME}\"\n\nSIMULATOR_LIBRARY_PATH=\"${BUILD_DIR}/${CONFIGURATION}-iphonesimulator/${FRAMEWORK_NAME}.framework\"\n\nDEVICE_LIBRARY_PATH=\"${BUILD_DIR}/${CONFIGURATION}-iphoneos/${FRAMEWORK_NAME}.framework\"\n\nUNIVERSAL_LIBRARY_DIR=\"${BUILD_DIR}/${CONFIGURATION}-iphoneuniversal\"\n\nFRAMEWORK=\"${UNIVERSAL_LIBRARY_DIR}/${FRAMEWORK_NAME}.framework\"\n\n######################\n# Build Frameworks\n######################\n\nif [ -d ${PROJECT_NAME}.xcworkspace ]; then\necho \"BUILDING WORKSPACE\"\nxcodebuild -workspace ${PROJECT_NAME}.xcworkspace -scheme ${PROJECT_NAME} -sdk appletvsimulator -configuration ${CONFIGURATION} clean build CONFIGURATION_BUILD_DIR=${BUILD_DIR}/${CONFIGURATION}-iphonesimulator 2>&1\n\nxcodebuild -workspace ${PROJECT_NAME}.xcworkspace -scheme ${PROJECT_NAME} -sdk appletvos -configuration ${CONFIGURATION} clean build CONFIGURATION_BUILD_DIR=${BUILD_DIR}/${CONFIGURATION}-iphoneos 2>&1\n\nelse\necho \"BUILDING PROJECT\"\necho \"${CONFIGURATION}\"\nxcodebuild -project ${PROJECT_NAME}.xcodeproj -scheme ${PROJECT_NAME} -sdk appletvsimulator -configuration ${CONFIGURATION} clean build CONFIGURATION_BUILD_DIR=${BUILD_DIR}/${CONFIGURATION}-iphonesimulator 2>&1\nxcodebuild -project ${PROJECT_NAME}.xcodeproj -scheme ${PROJECT_NAME} -sdk appletvos -configuration Release clean archive OTHER_CFLAGS=\"-fembed-bitcode\" CONFIGURATION_BUILD_DIR=${BUILD_DIR}/${CONFIGURATION}-iphoneos 2>&1\nfi\n\n######################\n# Create directory for universal\n######################\n\nrm -rf \"${UNIVERSAL_LIBRARY_DIR}\"\n\nmkdir \"${UNIVERSAL_LIBRARY_DIR}\"\nmkdir -p \"${PROJECT_DIR}/../Binary\"\nmkdir \"${FRAMEWORK}\"\nmkdir\n\n######################\n# Copy files Framework\n######################\n\ncp -r \"${DEVICE_LIBRARY_PATH}/.\" \"${FRAMEWORK}\"\n\n\n######################\n# Make an universal binary\n######################\n\nlipo \"${SIMULATOR_LIBRARY_PATH}/${FRAMEWORK_NAME}\" \"${DEVICE_LIBRARY_PATH}/${FRAMEWORK_NAME}\" -create -output \"${FRAMEWORK}/${FRAMEWORK_NAME}\" | echo\n\n# For Swift framework, Swiftmodule needs to be copied in the universal framework\nif [ -d \"${SIMULATOR_LIBRARY_PATH}/Modules/${FRAMEWORK_NAME}.swiftmodule/\" ]; then\ncp -f ${SIMULATOR_LIBRARY_PATH}/Modules/${FRAMEWORK_NAME}.swiftmodule\\/${NULL}* \"${FRAMEWORK}/Modules/${FRAMEWORK_NAME}.swiftmodule/\" | echo\nfi\n\nif [ -d \"${DEVICE_LIBRARY_PATH}/Modules/${FRAMEWORK_NAME}.swiftmodule/\" ]; then\ncp -f ${DEVICE_LIBRARY_PATH}/Modules/${FRAMEWORK_NAME}.swiftmodule\\/${NULL}* \"${FRAMEWORK}/Modules/${FRAMEWORK_NAME}.swiftmodule/\" | echo\nfi\n\n######################\n# On Release, copy the result to release directory\n######################\nOUTPUT_DIR=\"${PROJECT_DIR}/../Binary\"\nTARGET_DIR=\"${OUTPUT_DIR}/${FRAMEWORK_NAME}-${CONFIGURATION}-iphoneuniversal/\"\n\nrm -rf \"$TARGET_DIR\"\nmkdir -p \"$TARGET_DIR\"\n\ncp -rf \"${FRAMEWORK}\" \"$OUTPUT_DIR\"\ncp -r \"${FRAMEWORK}\" \"$TARGET_DIR\"\n\n#cd \"$OUTPUT_DIR\"\n#zip -r \"${RELEASE_DIR}/${PROJECT_NAME}/${CURRENT_PROJECT_VERSION}/${PROJECT_NAME}.zip\" LICENSE.md \"${PROJECT_NAME}.framework\"\n#cp -r \"${PROJECT_NAME}.framework\" \"${RELEASE_DIR}/${PROJECT_NAME}/${CURRENT_PROJECT_VERSION}\"\n\n#if [ ${REVEAL_ARCHIVE_IN_FINDER} = true ]; then\n#open \"${OUTPUT_DIR}/\"\n#fi\n";
		};
/* End PBXShellScriptBuildPhase section */

/* Begin PBXSourcesBuildPhase section */
		8CE8C7061FEC79E50041C284 /* Sources */ = {
			isa = PBXSourcesBuildPhase;
			buildActionMask = 2147483647;
			files = (
				8CE8C7861FEC7E6B0041C284 /* AccedoOne.m in Sources */,
				DC2AD45F2020A4E100C9FC61 /* AOServiceComponent.m in Sources */,
				DC2AD4692020A4E100C9FC61 /* NSArray+AO.m in Sources */,
				DC2AD4412020A4E100C9FC61 /* AOCache.m in Sources */,
				DC2AD4462020A4E100C9FC61 /* AORequestMetadata.m in Sources */,
				DC2AD44F2020A4E100C9FC61 /* AccedoOneControl.m in Sources */,
				DC2AD4672020A4E100C9FC61 /* AOAsynchBlockOperation.m in Sources */,
				2BAC7FDC9BB9292247C1FEEA /* AFURLResponseSerialization.m in Sources */,
				DC2AD4402020A4E100C9FC61 /* AOCacheOverNSCache.m in Sources */,
				80A8AAA01AA9D337FA7BC343 /* AFHTTPSessionManager.m in Sources */,
				DC2AD43F2020A4E100C9FC61 /* AOCacheOverPINCache.m in Sources */,
				B5BF2C33B9183F5B27F6FE44 /* AFURLSessionManager.m in Sources */,
				DC2AD4662020A4E100C9FC61 /* AOError.m in Sources */,
				DC2AD4472020A4E100C9FC61 /* AOPagingMetadata.m in Sources */,
				DC2AD4632020A4E100C9FC61 /* NSString+AO.m in Sources */,
				DC2AD4432020A4E100C9FC61 /* AOCacheDTO.m in Sources */,
				97015C22C3CAD8985863D8B9 /* AFURLRequestSerialization.m in Sources */,
				9DD6D05F8FB8AD92B755E3F4 /* AFNetworkReachabilityManager.m in Sources */,
				DC2AD44C2020A4E100C9FC61 /* AccedoOneInsight.m in Sources */,
				5C4E55718DB1D50671EC233B /* AFSecurityPolicy.m in Sources */,
				DC2AD4522020A4E100C9FC61 /* AccedoOneDetect.m in Sources */,
				DC2AD4532020A4E100C9FC61 /* AccedoOneUserData.m in Sources */,
				DC2AD44B2020A4E100C9FC61 /* AccedoOnePublish.m in Sources */,
				DC2AD4642020A4E100C9FC61 /* AOFileUtils.m in Sources */,
				DC2AD4422020A4E100C9FC61 /* AOService+CacheController.m in Sources */,
				DC2AD45E2020A4E100C9FC61 /* AOCMSOptionalParams.m in Sources */,
				DC2AD45A2020A4E100C9FC61 /* AOService.m in Sources */,
				EF0AF1561B5B1CBD719B1E9D /* PINCache.m in Sources */,
				061852C5EDE4E6AC11004AAD /* PINMemoryCache.m in Sources */,
				DC2AD43D2020A4E100C9FC61 /* AOCacheAtom.m in Sources */,
				DC2AD4392020A4E100C9FC61 /* AOCacheHelper.m in Sources */,
				E0666CFD60F86EC4A0F80A4F /* PINDiskCache.m in Sources */,
			);
			runOnlyForDeploymentPostprocessing = 0;
		};
		8CE8C7101FEC79E50041C284 /* Sources */ = {
			isa = PBXSourcesBuildPhase;
			buildActionMask = 2147483647;
			files = (
				8C58B2721FECA23D00241AFA /* AccedoOneTests.m in Sources */,
			);
			runOnlyForDeploymentPostprocessing = 0;
		};
/* End PBXSourcesBuildPhase section */

/* Begin PBXTargetDependency section */
		8CE8C7171FEC79E50041C284 /* PBXTargetDependency */ = {
			isa = PBXTargetDependency;
			target = 8CE8C70A1FEC79E50041C284 /* AccedoOnetvOS */;
			targetProxy = 8CE8C7161FEC79E50041C284 /* PBXContainerItemProxy */;
		};
/* End PBXTargetDependency section */

/* Begin XCBuildConfiguration section */
		8CE8C71D1FEC79E50041C284 /* Debug */ = {
			isa = XCBuildConfiguration;
			buildSettings = {
				ALWAYS_SEARCH_USER_PATHS = NO;
				CLANG_ANALYZER_NONNULL = YES;
				CLANG_ANALYZER_NUMBER_OBJECT_CONVERSION = YES_AGGRESSIVE;
				CLANG_CXX_LANGUAGE_STANDARD = "gnu++14";
				CLANG_CXX_LIBRARY = "libc++";
				CLANG_ENABLE_MODULES = YES;
				CLANG_ENABLE_OBJC_ARC = YES;
				CLANG_WARN_BLOCK_CAPTURE_AUTORELEASING = YES;
				CLANG_WARN_BOOL_CONVERSION = YES;
				CLANG_WARN_COMMA = YES;
				CLANG_WARN_CONSTANT_CONVERSION = YES;
				CLANG_WARN_DIRECT_OBJC_ISA_USAGE = YES_ERROR;
				CLANG_WARN_DOCUMENTATION_COMMENTS = YES;
				CLANG_WARN_EMPTY_BODY = YES;
				CLANG_WARN_ENUM_CONVERSION = YES;
				CLANG_WARN_INFINITE_RECURSION = YES;
				CLANG_WARN_INT_CONVERSION = YES;
				CLANG_WARN_NON_LITERAL_NULL_CONVERSION = YES;
				CLANG_WARN_OBJC_LITERAL_CONVERSION = YES;
				CLANG_WARN_OBJC_ROOT_CLASS = YES_ERROR;
				CLANG_WARN_RANGE_LOOP_ANALYSIS = YES;
				CLANG_WARN_STRICT_PROTOTYPES = YES;
				CLANG_WARN_SUSPICIOUS_MOVE = YES;
				CLANG_WARN_UNGUARDED_AVAILABILITY = YES_AGGRESSIVE;
				CLANG_WARN_UNREACHABLE_CODE = YES;
				CLANG_WARN__DUPLICATE_METHOD_MATCH = YES;
				COPY_PHASE_STRIP = NO;
				CURRENT_PROJECT_VERSION = 1;
				DEBUG_INFORMATION_FORMAT = dwarf;
				ENABLE_STRICT_OBJC_MSGSEND = YES;
				ENABLE_TESTABILITY = YES;
				GCC_C_LANGUAGE_STANDARD = gnu11;
				GCC_DYNAMIC_NO_PIC = NO;
				GCC_NO_COMMON_BLOCKS = YES;
				GCC_OPTIMIZATION_LEVEL = 0;
				GCC_PREPROCESSOR_DEFINITIONS = (
					"DEBUG=1",
					"$(inherited)",
				);
				GCC_WARN_64_TO_32_BIT_CONVERSION = YES;
				GCC_WARN_ABOUT_RETURN_TYPE = YES_ERROR;
				GCC_WARN_UNDECLARED_SELECTOR = YES;
				GCC_WARN_UNINITIALIZED_AUTOS = YES_AGGRESSIVE;
				GCC_WARN_UNUSED_FUNCTION = YES;
				GCC_WARN_UNUSED_VARIABLE = YES;
				MTL_ENABLE_DEBUG_INFO = YES;
				ONLY_ACTIVE_ARCH = YES;
				SDKROOT = appletvos;
				TVOS_DEPLOYMENT_TARGET = 11.2;
				VERSIONING_SYSTEM = "apple-generic";
				VERSION_INFO_PREFIX = "";
			};
			name = Debug;
		};
		8CE8C71E1FEC79E50041C284 /* Release */ = {
			isa = XCBuildConfiguration;
			buildSettings = {
				ALWAYS_SEARCH_USER_PATHS = NO;
				CLANG_ANALYZER_NONNULL = YES;
				CLANG_ANALYZER_NUMBER_OBJECT_CONVERSION = YES_AGGRESSIVE;
				CLANG_CXX_LANGUAGE_STANDARD = "gnu++14";
				CLANG_CXX_LIBRARY = "libc++";
				CLANG_ENABLE_MODULES = YES;
				CLANG_ENABLE_OBJC_ARC = YES;
				CLANG_WARN_BLOCK_CAPTURE_AUTORELEASING = YES;
				CLANG_WARN_BOOL_CONVERSION = YES;
				CLANG_WARN_COMMA = YES;
				CLANG_WARN_CONSTANT_CONVERSION = YES;
				CLANG_WARN_DIRECT_OBJC_ISA_USAGE = YES_ERROR;
				CLANG_WARN_DOCUMENTATION_COMMENTS = YES;
				CLANG_WARN_EMPTY_BODY = YES;
				CLANG_WARN_ENUM_CONVERSION = YES;
				CLANG_WARN_INFINITE_RECURSION = YES;
				CLANG_WARN_INT_CONVERSION = YES;
				CLANG_WARN_NON_LITERAL_NULL_CONVERSION = YES;
				CLANG_WARN_OBJC_LITERAL_CONVERSION = YES;
				CLANG_WARN_OBJC_ROOT_CLASS = YES_ERROR;
				CLANG_WARN_RANGE_LOOP_ANALYSIS = YES;
				CLANG_WARN_STRICT_PROTOTYPES = YES;
				CLANG_WARN_SUSPICIOUS_MOVE = YES;
				CLANG_WARN_UNGUARDED_AVAILABILITY = YES_AGGRESSIVE;
				CLANG_WARN_UNREACHABLE_CODE = YES;
				CLANG_WARN__DUPLICATE_METHOD_MATCH = YES;
				COPY_PHASE_STRIP = NO;
				CURRENT_PROJECT_VERSION = 1;
				DEBUG_INFORMATION_FORMAT = "dwarf-with-dsym";
				ENABLE_NS_ASSERTIONS = NO;
				ENABLE_STRICT_OBJC_MSGSEND = YES;
				GCC_C_LANGUAGE_STANDARD = gnu11;
				GCC_NO_COMMON_BLOCKS = YES;
				GCC_WARN_64_TO_32_BIT_CONVERSION = YES;
				GCC_WARN_ABOUT_RETURN_TYPE = YES_ERROR;
				GCC_WARN_UNDECLARED_SELECTOR = YES;
				GCC_WARN_UNINITIALIZED_AUTOS = YES_AGGRESSIVE;
				GCC_WARN_UNUSED_FUNCTION = YES;
				GCC_WARN_UNUSED_VARIABLE = YES;
				MTL_ENABLE_DEBUG_INFO = NO;
				SDKROOT = appletvos;
				TVOS_DEPLOYMENT_TARGET = 11.2;
				VALIDATE_PRODUCT = YES;
				VERSIONING_SYSTEM = "apple-generic";
				VERSION_INFO_PREFIX = "";
			};
			name = Release;
		};
		8CE8C7201FEC79E50041C284 /* Debug */ = {
			isa = XCBuildConfiguration;
			buildSettings = {
				CODE_SIGN_IDENTITY = "";
				CODE_SIGN_STYLE = Automatic;
				DEFINES_MODULE = YES;
				DEVELOPMENT_TEAM = W244RLEDMB;
				DYLIB_COMPATIBILITY_VERSION = 1;
				DYLIB_CURRENT_VERSION = 1;
				DYLIB_INSTALL_NAME_BASE = "@rpath";
				GCC_PREFIX_HEADER = "$(PROJECT_DIR)/$(PROJECT_NAME)/AccedoOnetvOS.pch";
				INFOPLIST_FILE = AccedoOnetvOS/Info.plist;
				INSTALL_PATH = "$(LOCAL_LIBRARY_DIR)/Frameworks";
				LD_RUNPATH_SEARCH_PATHS = "$(inherited) @executable_path/Frameworks @loader_path/Frameworks";
				PRODUCT_BUNDLE_IDENTIFIER = tv.accedo.AccedoOnetvOS;
				PRODUCT_NAME = "$(TARGET_NAME:c99extidentifier)";
				SKIP_INSTALL = YES;
				TARGETED_DEVICE_FAMILY = 3;
				TVOS_DEPLOYMENT_TARGET = 9.0;
			};
			name = Debug;
		};
		8CE8C7211FEC79E50041C284 /* Release */ = {
			isa = XCBuildConfiguration;
			buildSettings = {
				CODE_SIGN_IDENTITY = "";
				CODE_SIGN_STYLE = Automatic;
				DEFINES_MODULE = YES;
				DEVELOPMENT_TEAM = W244RLEDMB;
				DYLIB_COMPATIBILITY_VERSION = 1;
				DYLIB_CURRENT_VERSION = 1;
				DYLIB_INSTALL_NAME_BASE = "@rpath";
				GCC_PREFIX_HEADER = "$(PROJECT_DIR)/$(PROJECT_NAME)/AccedoOnetvOS.pch";
				INFOPLIST_FILE = AccedoOnetvOS/Info.plist;
				INSTALL_PATH = "$(LOCAL_LIBRARY_DIR)/Frameworks";
				LD_RUNPATH_SEARCH_PATHS = "$(inherited) @executable_path/Frameworks @loader_path/Frameworks";
				PRODUCT_BUNDLE_IDENTIFIER = tv.accedo.AccedoOnetvOS;
				PRODUCT_NAME = "$(TARGET_NAME:c99extidentifier)";
				SKIP_INSTALL = YES;
				TARGETED_DEVICE_FAMILY = 3;
				TVOS_DEPLOYMENT_TARGET = 9.0;
			};
			name = Release;
		};
		8CE8C7231FEC79E50041C284 /* Debug */ = {
			isa = XCBuildConfiguration;
			buildSettings = {
				CODE_SIGN_STYLE = Automatic;
				DEVELOPMENT_TEAM = W244RLEDMB;
				INFOPLIST_FILE = AccedoOnetvOSTests/Info.plist;
				LD_RUNPATH_SEARCH_PATHS = "$(inherited) @executable_path/Frameworks @loader_path/Frameworks";
				PRODUCT_BUNDLE_IDENTIFIER = tv.accedo.AccedoOnetvOSTests;
				PRODUCT_NAME = "$(TARGET_NAME)";
				TARGETED_DEVICE_FAMILY = 3;
			};
			name = Debug;
		};
		8CE8C7241FEC79E50041C284 /* Release */ = {
			isa = XCBuildConfiguration;
			buildSettings = {
				CODE_SIGN_STYLE = Automatic;
				DEVELOPMENT_TEAM = W244RLEDMB;
				INFOPLIST_FILE = AccedoOnetvOSTests/Info.plist;
				LD_RUNPATH_SEARCH_PATHS = "$(inherited) @executable_path/Frameworks @loader_path/Frameworks";
				PRODUCT_BUNDLE_IDENTIFIER = tv.accedo.AccedoOnetvOSTests;
				PRODUCT_NAME = "$(TARGET_NAME)";
				TARGETED_DEVICE_FAMILY = 3;
			};
			name = Release;
		};
		8CE8C7E01FEC9EE60041C284 /* Debug */ = {
			isa = XCBuildConfiguration;
			buildSettings = {
				CODE_SIGN_STYLE = Automatic;
				DEVELOPMENT_TEAM = W244RLEDMB;
				PRODUCT_NAME = "$(TARGET_NAME)";
			};
			name = Debug;
		};
		8CE8C7E11FEC9EE60041C284 /* Release */ = {
			isa = XCBuildConfiguration;
			buildSettings = {
				CODE_SIGN_STYLE = Automatic;
				DEVELOPMENT_TEAM = W244RLEDMB;
				PRODUCT_NAME = "$(TARGET_NAME)";
			};
			name = Release;
		};
/* End XCBuildConfiguration section */

/* Begin XCConfigurationList section */
		8CE8C7051FEC79E50041C284 /* Build configuration list for PBXProject "AccedoOnetvOS" */ = {
			isa = XCConfigurationList;
			buildConfigurations = (
				8CE8C71D1FEC79E50041C284 /* Debug */,
				8CE8C71E1FEC79E50041C284 /* Release */,
			);
			defaultConfigurationIsVisible = 0;
			defaultConfigurationName = Release;
		};
		8CE8C71F1FEC79E50041C284 /* Build configuration list for PBXNativeTarget "AccedoOnetvOS" */ = {
			isa = XCConfigurationList;
			buildConfigurations = (
				8CE8C7201FEC79E50041C284 /* Debug */,
				8CE8C7211FEC79E50041C284 /* Release */,
			);
			defaultConfigurationIsVisible = 0;
			defaultConfigurationName = Release;
		};
		8CE8C7221FEC79E50041C284 /* Build configuration list for PBXNativeTarget "AccedoOnetvOSTests" */ = {
			isa = XCConfigurationList;
			buildConfigurations = (
				8CE8C7231FEC79E50041C284 /* Debug */,
				8CE8C7241FEC79E50041C284 /* Release */,
			);
			defaultConfigurationIsVisible = 0;
			defaultConfigurationName = Release;
		};
		8CE8C7E21FEC9EE60041C284 /* Build configuration list for PBXAggregateTarget "AccedoOnetvOSRelease" */ = {
			isa = XCConfigurationList;
			buildConfigurations = (
				8CE8C7E01FEC9EE60041C284 /* Debug */,
				8CE8C7E11FEC9EE60041C284 /* Release */,
			);
			defaultConfigurationIsVisible = 0;
			defaultConfigurationName = Release;
		};
/* End XCConfigurationList section */
	};
	rootObject = 8CE8C7021FEC79E50041C284 /* Project object */;
}
